// !$*UTF8*$!
{
	archiveVersion = 1;
	classes = {
	};
	objectVersion = 51;
	objects = {

/* Begin PBXBuildFile section */
		460381E7241B9F9300089A52 /* AppodealAdsManager.swift in Sources */ = {isa = PBXBuildFile; fileRef = 460381E6241B9F9300089A52 /* AppodealAdsManager.swift */; };
		4693D2C7240FD3CF0036AACE /* TemplateAppConfiguration.swift in Sources */ = {isa = PBXBuildFile; fileRef = 4693D2C6240FD3CF0036AACE /* TemplateAppConfiguration.swift */; };
		4693D2CA240FD8760036AACE /* App.xcassets in Resources */ = {isa = PBXBuildFile; fileRef = CE35D8DF229C24C800EF8901 /* App.xcassets */; };
		46DC5E372424CDDF00C110E1 /* default_config.plist in Resources */ = {isa = PBXBuildFile; fileRef = 46DC5E362424CDDF00C110E1 /* default_config.plist */; };
		7573681B398C6D04C4CD3CAC /* Pods_TravelpayoutsTravelApp.framework in Frameworks */ = {isa = PBXBuildFile; fileRef = B098AE253B4FF377B2B6A383 /* Pods_TravelpayoutsTravelApp.framework */; };
		BDC87C5D2F916B0E16727839 /* Pods_SampleFlightsApp.framework in Frameworks */ = {isa = PBXBuildFile; fileRef = 72B0F2337CCDD8336ED3B267 /* Pods_SampleFlightsApp.framework */; };
		CE19A3C52434F39100A30320 /* SampleFlightsAppTests.swift in Sources */ = {isa = PBXBuildFile; fileRef = CE19A3C42434F39100A30320 /* SampleFlightsAppTests.swift */; };
		CE35D7FA22983B0300EF8901 /* ColorSchemeManager.swift in Sources */ = {isa = PBXBuildFile; fileRef = CE35D73222983B0300EF8901 /* ColorSchemeManager.swift */; };
		CE35D7FB22983B0300EF8901 /* ColorScheme.swift in Sources */ = {isa = PBXBuildFile; fileRef = CE35D73422983B0300EF8901 /* ColorScheme.swift */; };
		CE35D7FD22983B0300EF8901 /* BlackColorScheme.swift in Sources */ = {isa = PBXBuildFile; fileRef = CE35D73622983B0300EF8901 /* BlackColorScheme.swift */; };
		CE35D7FE22983B0300EF8901 /* PurpleColorScheme.swift in Sources */ = {isa = PBXBuildFile; fileRef = CE35D73722983B0300EF8901 /* PurpleColorScheme.swift */; };
		CE35D7FF22983B0300EF8901 /* CustomColorScheme.swift in Sources */ = {isa = PBXBuildFile; fileRef = CE35D73822983B0300EF8901 /* CustomColorScheme.swift */; };
		CE35D81322983B0300EF8901 /* InfoScreenDetailCellModel.swift in Sources */ = {isa = PBXBuildFile; fileRef = CE35D75B22983B0300EF8901 /* InfoScreenDetailCellModel.swift */; };
		CE35D81422983B0300EF8901 /* InfoScreenCellModelProtocol.swift in Sources */ = {isa = PBXBuildFile; fileRef = CE35D75C22983B0300EF8901 /* InfoScreenCellModelProtocol.swift */; };
		CE35D81522983B0300EF8901 /* InfoScreenVersionCellModel.swift in Sources */ = {isa = PBXBuildFile; fileRef = CE35D75D22983B0300EF8901 /* InfoScreenVersionCellModel.swift */; };
		CE35D81622983B0300EF8901 /* InfoScreenBasicCellModel.swift in Sources */ = {isa = PBXBuildFile; fileRef = CE35D75E22983B0300EF8901 /* InfoScreenBasicCellModel.swift */; };
		CE35D81722983B0300EF8901 /* InfoScreenExtrnalCellModel.swift in Sources */ = {isa = PBXBuildFile; fileRef = CE35D75F22983B0300EF8901 /* InfoScreenExtrnalCellModel.swift */; };
		CE35D81822983B0300EF8901 /* InfoScreenAboutCellModel.swift in Sources */ = {isa = PBXBuildFile; fileRef = CE35D76022983B0300EF8901 /* InfoScreenAboutCellModel.swift */; };
		CE35D81922983B0300EF8901 /* InfoScreenRateCellModel.swift in Sources */ = {isa = PBXBuildFile; fileRef = CE35D76122983B0300EF8901 /* InfoScreenRateCellModel.swift */; };
		CE35D81A22983B0300EF8901 /* InfoScreenIconImageViewFiveTimesTapHandler.swift in Sources */ = {isa = PBXBuildFile; fileRef = CE35D76222983B0300EF8901 /* InfoScreenIconImageViewFiveTimesTapHandler.swift */; };
		CE35D81B22983B0300EF8901 /* InfoScreenViewController.swift in Sources */ = {isa = PBXBuildFile; fileRef = CE35D76322983B0300EF8901 /* InfoScreenViewController.swift */; };
		CE35D81C22983B0300EF8901 /* InfoScreenPresenter.swift in Sources */ = {isa = PBXBuildFile; fileRef = CE35D76422983B0300EF8901 /* InfoScreenPresenter.swift */; };
		CE35D81D22983B0300EF8901 /* InfoScreenViewController.xib in Resources */ = {isa = PBXBuildFile; fileRef = CE35D76522983B0300EF8901 /* InfoScreenViewController.xib */; };
		CE35D81E22983B0300EF8901 /* InfoScreenAboutCell.xib in Resources */ = {isa = PBXBuildFile; fileRef = CE35D76822983B0300EF8901 /* InfoScreenAboutCell.xib */; };
		CE35D81F22983B0300EF8901 /* InfoScreenAboutCell.swift in Sources */ = {isa = PBXBuildFile; fileRef = CE35D76922983B0300EF8901 /* InfoScreenAboutCell.swift */; };
		CE35D82022983B0300EF8901 /* InfoScreenRateCell.swift in Sources */ = {isa = PBXBuildFile; fileRef = CE35D76B22983B0300EF8901 /* InfoScreenRateCell.swift */; };
		CE35D82122983B0300EF8901 /* InfoScreenRateCell.xib in Resources */ = {isa = PBXBuildFile; fileRef = CE35D76C22983B0300EF8901 /* InfoScreenRateCell.xib */; };
		CE35D82222983B0300EF8901 /* InfoScreenVersionCell.xib in Resources */ = {isa = PBXBuildFile; fileRef = CE35D76E22983B0300EF8901 /* InfoScreenVersionCell.xib */; };
		CE35D82322983B0300EF8901 /* InfoScreenVersionCell.swift in Sources */ = {isa = PBXBuildFile; fileRef = CE35D76F22983B0300EF8901 /* InfoScreenVersionCell.swift */; };
		CE35D83422983B0300EF8901 /* JRSDKSearchInfoBuilder+Config.swift in Sources */ = {isa = PBXBuildFile; fileRef = CE35D79922983B0300EF8901 /* JRSDKSearchInfoBuilder+Config.swift */; };
		CE35D83B22983B0300EF8901 /* HLDefaultCitiesFactory+Config.swift in Sources */ = {isa = PBXBuildFile; fileRef = CE35D7A022983B0300EF8901 /* HLDefaultCitiesFactory+Config.swift */; };
		CE35D84222983B0300EF8901 /* UIBarButtonItem+BackBarButtonItem.swift in Sources */ = {isa = PBXBuildFile; fileRef = CE35D7A722983B0300EF8901 /* UIBarButtonItem+BackBarButtonItem.swift */; };
		CE35D880229BF84A00EF8901 /* HLEmailSender.m in Sources */ = {isa = PBXBuildFile; fileRef = CE35D87E229BF84A00EF8901 /* HLEmailSender.m */; };
		CE35D881229BF84A00EF8901 /* HLMailComposeVC.m in Sources */ = {isa = PBXBuildFile; fileRef = CE35D87F229BF84A00EF8901 /* HLMailComposeVC.m */; };
		CE35D8D3229BF9A900EF8901 /* InfoPlist.strings in Resources */ = {isa = PBXBuildFile; fileRef = CE35D889229BF9A900EF8901 /* InfoPlist.strings */; };
		CE35D8EE229D5CC400EF8901 /* AppIcon.xcassets in Resources */ = {isa = PBXBuildFile; fileRef = CE35D8ED229D5CC400EF8901 /* AppIcon.xcassets */; };
		CE900A0722A153F400330E56 /* InfoScreenRouter.swift in Sources */ = {isa = PBXBuildFile; fileRef = CE900A0622A153F400330E56 /* InfoScreenRouter.swift */; };
		CE900A0922A52A1300330E56 /* LaunchScreen.xib in Resources */ = {isa = PBXBuildFile; fileRef = CE900A0822A52A1300330E56 /* LaunchScreen.xib */; };
		CE900A0B22A5327700330E56 /* ASTColorScheme.swift in Sources */ = {isa = PBXBuildFile; fileRef = CE900A0A22A5327700330E56 /* ASTColorScheme.swift */; };
		CE900A0D22A5389E00330E56 /* ASTJRC.swift in Sources */ = {isa = PBXBuildFile; fileRef = CE900A0C22A5389E00330E56 /* ASTJRC.swift */; };
		CEAAD399223A80A900E7C5D8 /* AppDelegate.swift in Sources */ = {isa = PBXBuildFile; fileRef = CEAAD398223A80A900E7C5D8 /* AppDelegate.swift */; };
		CEB0C73322B3B41E00D454C8 /* GoogleService-Info.plist in Resources */ = {isa = PBXBuildFile; fileRef = CEB0C73222B3B41E00D454C8 /* GoogleService-Info.plist */; };
		CECC2EC622D5F964003F3996 /* HLAlertsFabric.m in Sources */ = {isa = PBXBuildFile; fileRef = CECC2EC422D5F964003F3996 /* HLAlertsFabric.m */; };
		CED20042231D42580010A8EB /* AppLocalizations.swift in Sources */ = {isa = PBXBuildFile; fileRef = CED20041231D42580010A8EB /* AppLocalizations.swift */; };
		CED20045231D45750010A8EB /* Localizable.strings in Resources */ = {isa = PBXBuildFile; fileRef = CED20047231D45750010A8EB /* Localizable.strings */; };
		CEFA872622C1004F00AF34A1 /* TravelpayoutsTravelAppTests.swift in Sources */ = {isa = PBXBuildFile; fileRef = CEFA872522C1004F00AF34A1 /* TravelpayoutsTravelAppTests.swift */; };
		CEFB9C71242A3A420027A662 /* AppDelegate.swift in Sources */ = {isa = PBXBuildFile; fileRef = CEFB9C70242A3A420027A662 /* AppDelegate.swift */; };
		CEFB9C75242A3A420027A662 /* ViewController.swift in Sources */ = {isa = PBXBuildFile; fileRef = CEFB9C74242A3A420027A662 /* ViewController.swift */; };
		CEFB9C7A242A3A460027A662 /* Assets.xcassets in Resources */ = {isa = PBXBuildFile; fileRef = CEFB9C79242A3A460027A662 /* Assets.xcassets */; };
		CEFB9C7D242A3A460027A662 /* LaunchScreen.storyboard in Resources */ = {isa = PBXBuildFile; fileRef = CEFB9C7B242A3A460027A662 /* LaunchScreen.storyboard */; };
		D6C6199E8AC7654A80ACF647 /* Pods_TravelpayoutsTravelAppTests.framework in Frameworks */ = {isa = PBXBuildFile; fileRef = E1463DACF1B78B7A3C25503A /* Pods_TravelpayoutsTravelAppTests.framework */; };
		FAA3C5CF26400707DA650171 /* Pods_SampleFlightsAppTests.framework in Frameworks */ = {isa = PBXBuildFile; fileRef = DB0F7463689836B28AC66833 /* Pods_SampleFlightsAppTests.framework */; };
/* End PBXBuildFile section */

/* Begin PBXContainerItemProxy section */
		CE19A3C72434F39100A30320 /* PBXContainerItemProxy */ = {
			isa = PBXContainerItemProxy;
			containerPortal = CEAAD38D223A80A900E7C5D8 /* Project object */;
			proxyType = 1;
			remoteGlobalIDString = CEFB9C6D242A3A420027A662;
			remoteInfo = SampleFlightsApp;
		};
		CEFA872822C1004F00AF34A1 /* PBXContainerItemProxy */ = {
			isa = PBXContainerItemProxy;
			containerPortal = CEAAD38D223A80A900E7C5D8 /* Project object */;
			proxyType = 1;
			remoteGlobalIDString = CEAAD394223A80A900E7C5D8;
			remoteInfo = TravelpayoutsTravelApp;
		};
/* End PBXContainerItemProxy section */

/* Begin PBXFileReference section */
		09FA86A706F9E1C98E3C707F /* Pods-TravelpayoutsTravelApp.debug.xcconfig */ = {isa = PBXFileReference; includeInIndex = 1; lastKnownFileType = text.xcconfig; name = "Pods-TravelpayoutsTravelApp.debug.xcconfig"; path = "Target Support Files/Pods-TravelpayoutsTravelApp/Pods-TravelpayoutsTravelApp.debug.xcconfig"; sourceTree = "<group>"; };
		0B55F0ED1CDC9C2AA4BEBAFD /* Pods-TravelpayoutsTravelApp.release.xcconfig */ = {isa = PBXFileReference; includeInIndex = 1; lastKnownFileType = text.xcconfig; name = "Pods-TravelpayoutsTravelApp.release.xcconfig"; path = "Target Support Files/Pods-TravelpayoutsTravelApp/Pods-TravelpayoutsTravelApp.release.xcconfig"; sourceTree = "<group>"; };
		460381E6241B9F9300089A52 /* AppodealAdsManager.swift */ = {isa = PBXFileReference; lastKnownFileType = sourcecode.swift; path = AppodealAdsManager.swift; sourceTree = "<group>"; };
		4693D2C6240FD3CF0036AACE /* TemplateAppConfiguration.swift */ = {isa = PBXFileReference; lastKnownFileType = sourcecode.swift; path = TemplateAppConfiguration.swift; sourceTree = "<group>"; };
		46DC5E362424CDDF00C110E1 /* default_config.plist */ = {isa = PBXFileReference; lastKnownFileType = text.plist.xml; path = default_config.plist; sourceTree = "<group>"; };
		6CA826E536DF850222CAE0B4 /* Pods-TravelpayoutsTravelAppTests.debug.xcconfig */ = {isa = PBXFileReference; includeInIndex = 1; lastKnownFileType = text.xcconfig; name = "Pods-TravelpayoutsTravelAppTests.debug.xcconfig"; path = "Target Support Files/Pods-TravelpayoutsTravelAppTests/Pods-TravelpayoutsTravelAppTests.debug.xcconfig"; sourceTree = "<group>"; };
		72B0F2337CCDD8336ED3B267 /* Pods_SampleFlightsApp.framework */ = {isa = PBXFileReference; explicitFileType = wrapper.framework; includeInIndex = 0; path = Pods_SampleFlightsApp.framework; sourceTree = BUILT_PRODUCTS_DIR; };
		92595E2F54527F0AB6C27445 /* Pods-SampleFlightsAppTests.release.xcconfig */ = {isa = PBXFileReference; includeInIndex = 1; lastKnownFileType = text.xcconfig; name = "Pods-SampleFlightsAppTests.release.xcconfig"; path = "Target Support Files/Pods-SampleFlightsAppTests/Pods-SampleFlightsAppTests.release.xcconfig"; sourceTree = "<group>"; };
		A3EB6DFA7BF842C3EA35D900 /* Pods-TravelpayoutsTravelAppTests.release.xcconfig */ = {isa = PBXFileReference; includeInIndex = 1; lastKnownFileType = text.xcconfig; name = "Pods-TravelpayoutsTravelAppTests.release.xcconfig"; path = "Target Support Files/Pods-TravelpayoutsTravelAppTests/Pods-TravelpayoutsTravelAppTests.release.xcconfig"; sourceTree = "<group>"; };
		B098AE253B4FF377B2B6A383 /* Pods_TravelpayoutsTravelApp.framework */ = {isa = PBXFileReference; explicitFileType = wrapper.framework; includeInIndex = 0; path = Pods_TravelpayoutsTravelApp.framework; sourceTree = BUILT_PRODUCTS_DIR; };
		BA2E270BEA919A4FA567A69E /* Pods-SampleFlightsApp.release.xcconfig */ = {isa = PBXFileReference; includeInIndex = 1; lastKnownFileType = text.xcconfig; name = "Pods-SampleFlightsApp.release.xcconfig"; path = "Target Support Files/Pods-SampleFlightsApp/Pods-SampleFlightsApp.release.xcconfig"; sourceTree = "<group>"; };
		CE19A3C22434F39100A30320 /* SampleFlightsAppTests.xctest */ = {isa = PBXFileReference; explicitFileType = wrapper.cfbundle; includeInIndex = 0; path = SampleFlightsAppTests.xctest; sourceTree = BUILT_PRODUCTS_DIR; };
		CE19A3C42434F39100A30320 /* SampleFlightsAppTests.swift */ = {isa = PBXFileReference; lastKnownFileType = sourcecode.swift; path = SampleFlightsAppTests.swift; sourceTree = "<group>"; };
		CE19A3C62434F39100A30320 /* Info.plist */ = {isa = PBXFileReference; lastKnownFileType = text.plist.xml; path = Info.plist; sourceTree = "<group>"; };
		CE35D73222983B0300EF8901 /* ColorSchemeManager.swift */ = {isa = PBXFileReference; fileEncoding = 4; lastKnownFileType = sourcecode.swift; path = ColorSchemeManager.swift; sourceTree = "<group>"; };
		CE35D73422983B0300EF8901 /* ColorScheme.swift */ = {isa = PBXFileReference; fileEncoding = 4; lastKnownFileType = sourcecode.swift; path = ColorScheme.swift; sourceTree = "<group>"; };
		CE35D73622983B0300EF8901 /* BlackColorScheme.swift */ = {isa = PBXFileReference; fileEncoding = 4; lastKnownFileType = sourcecode.swift; path = BlackColorScheme.swift; sourceTree = "<group>"; };
		CE35D73722983B0300EF8901 /* PurpleColorScheme.swift */ = {isa = PBXFileReference; fileEncoding = 4; lastKnownFileType = sourcecode.swift; path = PurpleColorScheme.swift; sourceTree = "<group>"; };
		CE35D73822983B0300EF8901 /* CustomColorScheme.swift */ = {isa = PBXFileReference; fileEncoding = 4; lastKnownFileType = sourcecode.swift; path = CustomColorScheme.swift; sourceTree = "<group>"; };
		CE35D75B22983B0300EF8901 /* InfoScreenDetailCellModel.swift */ = {isa = PBXFileReference; fileEncoding = 4; lastKnownFileType = sourcecode.swift; path = InfoScreenDetailCellModel.swift; sourceTree = "<group>"; };
		CE35D75C22983B0300EF8901 /* InfoScreenCellModelProtocol.swift */ = {isa = PBXFileReference; fileEncoding = 4; lastKnownFileType = sourcecode.swift; path = InfoScreenCellModelProtocol.swift; sourceTree = "<group>"; };
		CE35D75D22983B0300EF8901 /* InfoScreenVersionCellModel.swift */ = {isa = PBXFileReference; fileEncoding = 4; lastKnownFileType = sourcecode.swift; path = InfoScreenVersionCellModel.swift; sourceTree = "<group>"; };
		CE35D75E22983B0300EF8901 /* InfoScreenBasicCellModel.swift */ = {isa = PBXFileReference; fileEncoding = 4; lastKnownFileType = sourcecode.swift; path = InfoScreenBasicCellModel.swift; sourceTree = "<group>"; };
		CE35D75F22983B0300EF8901 /* InfoScreenExtrnalCellModel.swift */ = {isa = PBXFileReference; fileEncoding = 4; lastKnownFileType = sourcecode.swift; path = InfoScreenExtrnalCellModel.swift; sourceTree = "<group>"; };
		CE35D76022983B0300EF8901 /* InfoScreenAboutCellModel.swift */ = {isa = PBXFileReference; fileEncoding = 4; lastKnownFileType = sourcecode.swift; path = InfoScreenAboutCellModel.swift; sourceTree = "<group>"; };
		CE35D76122983B0300EF8901 /* InfoScreenRateCellModel.swift */ = {isa = PBXFileReference; fileEncoding = 4; lastKnownFileType = sourcecode.swift; path = InfoScreenRateCellModel.swift; sourceTree = "<group>"; };
		CE35D76222983B0300EF8901 /* InfoScreenIconImageViewFiveTimesTapHandler.swift */ = {isa = PBXFileReference; fileEncoding = 4; lastKnownFileType = sourcecode.swift; path = InfoScreenIconImageViewFiveTimesTapHandler.swift; sourceTree = "<group>"; };
		CE35D76322983B0300EF8901 /* InfoScreenViewController.swift */ = {isa = PBXFileReference; fileEncoding = 4; lastKnownFileType = sourcecode.swift; path = InfoScreenViewController.swift; sourceTree = "<group>"; };
		CE35D76422983B0300EF8901 /* InfoScreenPresenter.swift */ = {isa = PBXFileReference; fileEncoding = 4; lastKnownFileType = sourcecode.swift; path = InfoScreenPresenter.swift; sourceTree = "<group>"; };
		CE35D76522983B0300EF8901 /* InfoScreenViewController.xib */ = {isa = PBXFileReference; fileEncoding = 4; lastKnownFileType = file.xib; path = InfoScreenViewController.xib; sourceTree = "<group>"; };
		CE35D76822983B0300EF8901 /* InfoScreenAboutCell.xib */ = {isa = PBXFileReference; fileEncoding = 4; lastKnownFileType = file.xib; path = InfoScreenAboutCell.xib; sourceTree = "<group>"; };
		CE35D76922983B0300EF8901 /* InfoScreenAboutCell.swift */ = {isa = PBXFileReference; fileEncoding = 4; lastKnownFileType = sourcecode.swift; path = InfoScreenAboutCell.swift; sourceTree = "<group>"; };
		CE35D76B22983B0300EF8901 /* InfoScreenRateCell.swift */ = {isa = PBXFileReference; fileEncoding = 4; lastKnownFileType = sourcecode.swift; path = InfoScreenRateCell.swift; sourceTree = "<group>"; };
		CE35D76C22983B0300EF8901 /* InfoScreenRateCell.xib */ = {isa = PBXFileReference; fileEncoding = 4; lastKnownFileType = file.xib; path = InfoScreenRateCell.xib; sourceTree = "<group>"; };
		CE35D76E22983B0300EF8901 /* InfoScreenVersionCell.xib */ = {isa = PBXFileReference; fileEncoding = 4; lastKnownFileType = file.xib; path = InfoScreenVersionCell.xib; sourceTree = "<group>"; };
		CE35D76F22983B0300EF8901 /* InfoScreenVersionCell.swift */ = {isa = PBXFileReference; fileEncoding = 4; lastKnownFileType = sourcecode.swift; path = InfoScreenVersionCell.swift; sourceTree = "<group>"; };
		CE35D79922983B0300EF8901 /* JRSDKSearchInfoBuilder+Config.swift */ = {isa = PBXFileReference; fileEncoding = 4; lastKnownFileType = sourcecode.swift; path = "JRSDKSearchInfoBuilder+Config.swift"; sourceTree = "<group>"; };
		CE35D7A022983B0300EF8901 /* HLDefaultCitiesFactory+Config.swift */ = {isa = PBXFileReference; fileEncoding = 4; lastKnownFileType = sourcecode.swift; path = "HLDefaultCitiesFactory+Config.swift"; sourceTree = "<group>"; };
		CE35D7A722983B0300EF8901 /* UIBarButtonItem+BackBarButtonItem.swift */ = {isa = PBXFileReference; fileEncoding = 4; lastKnownFileType = sourcecode.swift; path = "UIBarButtonItem+BackBarButtonItem.swift"; sourceTree = "<group>"; };
		CE35D871229BEFE900EF8901 /* TravelpayoutsTravelApp-Bridging-Header.h */ = {isa = PBXFileReference; fileEncoding = 4; lastKnownFileType = sourcecode.c.h; path = "TravelpayoutsTravelApp-Bridging-Header.h"; sourceTree = "<group>"; };
		CE35D87C229BF84A00EF8901 /* HLEmailSender.h */ = {isa = PBXFileReference; fileEncoding = 4; lastKnownFileType = sourcecode.c.h; path = HLEmailSender.h; sourceTree = "<group>"; };
		CE35D87D229BF84A00EF8901 /* HLMailComposeVC.h */ = {isa = PBXFileReference; fileEncoding = 4; lastKnownFileType = sourcecode.c.h; path = HLMailComposeVC.h; sourceTree = "<group>"; };
		CE35D87E229BF84A00EF8901 /* HLEmailSender.m */ = {isa = PBXFileReference; fileEncoding = 4; lastKnownFileType = sourcecode.c.objc; path = HLEmailSender.m; sourceTree = "<group>"; };
		CE35D87F229BF84A00EF8901 /* HLMailComposeVC.m */ = {isa = PBXFileReference; fileEncoding = 4; lastKnownFileType = sourcecode.c.objc; path = HLMailComposeVC.m; sourceTree = "<group>"; };
		CE35D88A229BF9A900EF8901 /* de */ = {isa = PBXFileReference; lastKnownFileType = text.plist.strings; name = de; path = de.lproj/InfoPlist.strings; sourceTree = "<group>"; };
		CE35D88E229BF9A900EF8901 /* el */ = {isa = PBXFileReference; lastKnownFileType = text.plist.strings; name = el; path = el.lproj/InfoPlist.strings; sourceTree = "<group>"; };
		CE35D891229BF9A900EF8901 /* zh-Hans */ = {isa = PBXFileReference; lastKnownFileType = text.plist.strings; name = "zh-Hans"; path = "zh-Hans.lproj/InfoPlist.strings"; sourceTree = "<group>"; };
		CE35D894229BF9A900EF8901 /* ja */ = {isa = PBXFileReference; lastKnownFileType = text.plist.strings; name = ja; path = ja.lproj/InfoPlist.strings; sourceTree = "<group>"; };
		CE35D897229BF9A900EF8901 /* en */ = {isa = PBXFileReference; lastKnownFileType = text.plist.strings; name = en; path = en.lproj/InfoPlist.strings; sourceTree = "<group>"; };
		CE35D89A229BF9A900EF8901 /* nb */ = {isa = PBXFileReference; lastKnownFileType = text.plist.strings; name = nb; path = nb.lproj/InfoPlist.strings; sourceTree = "<group>"; };
		CE35D89D229BF9A900EF8901 /* es */ = {isa = PBXFileReference; lastKnownFileType = text.plist.strings; name = es; path = es.lproj/InfoPlist.strings; sourceTree = "<group>"; };
		CE35D8A0229BF9A900EF8901 /* da */ = {isa = PBXFileReference; lastKnownFileType = text.plist.strings; name = da; path = da.lproj/InfoPlist.strings; sourceTree = "<group>"; };
		CE35D8A3229BF9A900EF8901 /* it */ = {isa = PBXFileReference; lastKnownFileType = text.plist.strings; name = it; path = it.lproj/InfoPlist.strings; sourceTree = "<group>"; };
		CE35D8A6229BF9A900EF8901 /* ms */ = {isa = PBXFileReference; lastKnownFileType = text.plist.strings; name = ms; path = ms.lproj/InfoPlist.strings; sourceTree = "<group>"; };
		CE35D8A9229BF9A900EF8901 /* sv */ = {isa = PBXFileReference; lastKnownFileType = text.plist.strings; name = sv; path = sv.lproj/InfoPlist.strings; sourceTree = "<group>"; };
		CE35D8AC229BF9A900EF8901 /* ko */ = {isa = PBXFileReference; lastKnownFileType = text.plist.strings; name = ko; path = ko.lproj/InfoPlist.strings; sourceTree = "<group>"; };
		CE35D8AF229BF9A900EF8901 /* zh-Hant */ = {isa = PBXFileReference; lastKnownFileType = text.plist.strings; name = "zh-Hant"; path = "zh-Hant.lproj/InfoPlist.strings"; sourceTree = "<group>"; };
		CE35D8B2229BF9A900EF8901 /* tr */ = {isa = PBXFileReference; lastKnownFileType = text.plist.strings; name = tr; path = tr.lproj/InfoPlist.strings; sourceTree = "<group>"; };
		CE35D8B5229BF9A900EF8901 /* pl */ = {isa = PBXFileReference; lastKnownFileType = text.plist.strings; name = pl; path = pl.lproj/InfoPlist.strings; sourceTree = "<group>"; };
		CE35D8B8229BF9A900EF8901 /* vi */ = {isa = PBXFileReference; lastKnownFileType = text.plist.strings; name = vi; path = vi.lproj/InfoPlist.strings; sourceTree = "<group>"; };
		CE35D8BB229BF9A900EF8901 /* ru */ = {isa = PBXFileReference; lastKnownFileType = text.plist.strings; name = ru; path = ru.lproj/InfoPlist.strings; sourceTree = "<group>"; };
		CE35D8BE229BF9A900EF8901 /* fr */ = {isa = PBXFileReference; lastKnownFileType = text.plist.strings; name = fr; path = fr.lproj/InfoPlist.strings; sourceTree = "<group>"; };
		CE35D8C1229BF9A900EF8901 /* fi */ = {isa = PBXFileReference; lastKnownFileType = text.plist.strings; name = fi; path = fi.lproj/InfoPlist.strings; sourceTree = "<group>"; };
		CE35D8C4229BF9A900EF8901 /* id */ = {isa = PBXFileReference; lastKnownFileType = text.plist.strings; name = id; path = id.lproj/InfoPlist.strings; sourceTree = "<group>"; };
		CE35D8C7229BF9A900EF8901 /* nl */ = {isa = PBXFileReference; lastKnownFileType = text.plist.strings; name = nl; path = nl.lproj/InfoPlist.strings; sourceTree = "<group>"; };
		CE35D8CA229BF9A900EF8901 /* th */ = {isa = PBXFileReference; lastKnownFileType = text.plist.strings; name = th; path = th.lproj/InfoPlist.strings; sourceTree = "<group>"; };
		CE35D8CD229BF9A900EF8901 /* pt */ = {isa = PBXFileReference; lastKnownFileType = text.plist.strings; name = pt; path = pt.lproj/InfoPlist.strings; sourceTree = "<group>"; };
		CE35D8D0229BF9A900EF8901 /* pt-PT */ = {isa = PBXFileReference; lastKnownFileType = text.plist.strings; name = "pt-PT"; path = "pt-PT.lproj/InfoPlist.strings"; sourceTree = "<group>"; };
		CE35D8DF229C24C800EF8901 /* App.xcassets */ = {isa = PBXFileReference; lastKnownFileType = folder.assetcatalog; path = App.xcassets; sourceTree = "<group>"; };
		CE35D8ED229D5CC400EF8901 /* AppIcon.xcassets */ = {isa = PBXFileReference; lastKnownFileType = folder.assetcatalog; path = AppIcon.xcassets; sourceTree = "<group>"; };
		CE900A0622A153F400330E56 /* InfoScreenRouter.swift */ = {isa = PBXFileReference; lastKnownFileType = sourcecode.swift; path = InfoScreenRouter.swift; sourceTree = "<group>"; };
		CE900A0822A52A1300330E56 /* LaunchScreen.xib */ = {isa = PBXFileReference; fileEncoding = 4; lastKnownFileType = file.xib; path = LaunchScreen.xib; sourceTree = "<group>"; };
		CE900A0A22A5327700330E56 /* ASTColorScheme.swift */ = {isa = PBXFileReference; lastKnownFileType = sourcecode.swift; path = ASTColorScheme.swift; sourceTree = "<group>"; };
		CE900A0C22A5389E00330E56 /* ASTJRC.swift */ = {isa = PBXFileReference; lastKnownFileType = sourcecode.swift; path = ASTJRC.swift; sourceTree = "<group>"; };
		CEAAD395223A80A900E7C5D8 /* TravelpayoutsTravelApp.app */ = {isa = PBXFileReference; explicitFileType = wrapper.application; includeInIndex = 0; path = TravelpayoutsTravelApp.app; sourceTree = BUILT_PRODUCTS_DIR; };
		CEAAD398223A80A900E7C5D8 /* AppDelegate.swift */ = {isa = PBXFileReference; lastKnownFileType = sourcecode.swift; path = AppDelegate.swift; sourceTree = "<group>"; };
		CEAAD3A4223A80AA00E7C5D8 /* Info.plist */ = {isa = PBXFileReference; lastKnownFileType = text.plist.xml; path = Info.plist; sourceTree = "<group>"; };
		CEB0C73222B3B41E00D454C8 /* GoogleService-Info.plist */ = {isa = PBXFileReference; fileEncoding = 4; lastKnownFileType = text.plist.xml; path = "GoogleService-Info.plist"; sourceTree = "<group>"; };
		CECC2EC422D5F964003F3996 /* HLAlertsFabric.m */ = {isa = PBXFileReference; fileEncoding = 4; lastKnownFileType = sourcecode.c.objc; path = HLAlertsFabric.m; sourceTree = "<group>"; };
		CECC2EC522D5F964003F3996 /* HLAlertsFabric.h */ = {isa = PBXFileReference; fileEncoding = 4; lastKnownFileType = sourcecode.c.h; path = HLAlertsFabric.h; sourceTree = "<group>"; };
		CED20041231D42580010A8EB /* AppLocalizations.swift */ = {isa = PBXFileReference; lastKnownFileType = sourcecode.swift; path = AppLocalizations.swift; sourceTree = "<group>"; };
		CED20046231D45750010A8EB /* en */ = {isa = PBXFileReference; lastKnownFileType = text.plist.strings; name = en; path = en.lproj/Localizable.strings; sourceTree = "<group>"; };
		CED20048231D45770010A8EB /* zh-Hans */ = {isa = PBXFileReference; lastKnownFileType = text.plist.strings; name = "zh-Hans"; path = "zh-Hans.lproj/Localizable.strings"; sourceTree = "<group>"; };
		CED20049231D457A0010A8EB /* zh-Hant */ = {isa = PBXFileReference; lastKnownFileType = text.plist.strings; name = "zh-Hant"; path = "zh-Hant.lproj/Localizable.strings"; sourceTree = "<group>"; };
		CED2004A231D457B0010A8EB /* da */ = {isa = PBXFileReference; lastKnownFileType = text.plist.strings; name = da; path = da.lproj/Localizable.strings; sourceTree = "<group>"; };
		CED2004B231D457C0010A8EB /* fi */ = {isa = PBXFileReference; lastKnownFileType = text.plist.strings; name = fi; path = fi.lproj/Localizable.strings; sourceTree = "<group>"; };
		CED2004C231D457D0010A8EB /* nl */ = {isa = PBXFileReference; lastKnownFileType = text.plist.strings; name = nl; path = nl.lproj/Localizable.strings; sourceTree = "<group>"; };
		CED2004D231D457D0010A8EB /* fr */ = {isa = PBXFileReference; lastKnownFileType = text.plist.strings; name = fr; path = fr.lproj/Localizable.strings; sourceTree = "<group>"; };
		CED2004E231D457E0010A8EB /* de */ = {isa = PBXFileReference; lastKnownFileType = text.plist.strings; name = de; path = de.lproj/Localizable.strings; sourceTree = "<group>"; };
		CED2004F231D457F0010A8EB /* el */ = {isa = PBXFileReference; lastKnownFileType = text.plist.strings; name = el; path = el.lproj/Localizable.strings; sourceTree = "<group>"; };
		CED20050231D45800010A8EB /* id */ = {isa = PBXFileReference; lastKnownFileType = text.plist.strings; name = id; path = id.lproj/Localizable.strings; sourceTree = "<group>"; };
		CED20051231D45810010A8EB /* it */ = {isa = PBXFileReference; lastKnownFileType = text.plist.strings; name = it; path = it.lproj/Localizable.strings; sourceTree = "<group>"; };
		CED20052231D45820010A8EB /* ja */ = {isa = PBXFileReference; lastKnownFileType = text.plist.strings; name = ja; path = ja.lproj/Localizable.strings; sourceTree = "<group>"; };
		CED20053231D45830010A8EB /* ko */ = {isa = PBXFileReference; lastKnownFileType = text.plist.strings; name = ko; path = ko.lproj/Localizable.strings; sourceTree = "<group>"; };
		CED20054231D45860010A8EB /* ms */ = {isa = PBXFileReference; lastKnownFileType = text.plist.strings; name = ms; path = ms.lproj/Localizable.strings; sourceTree = "<group>"; };
		CED20055231D458A0010A8EB /* nb */ = {isa = PBXFileReference; lastKnownFileType = text.plist.strings; name = nb; path = nb.lproj/Localizable.strings; sourceTree = "<group>"; };
		CED20056231D458E0010A8EB /* pl */ = {isa = PBXFileReference; lastKnownFileType = text.plist.strings; name = pl; path = pl.lproj/Localizable.strings; sourceTree = "<group>"; };
		CED20057231D458E0010A8EB /* pt */ = {isa = PBXFileReference; lastKnownFileType = text.plist.strings; name = pt; path = pt.lproj/Localizable.strings; sourceTree = "<group>"; };
		CED20058231D458F0010A8EB /* ru */ = {isa = PBXFileReference; lastKnownFileType = text.plist.strings; name = ru; path = ru.lproj/Localizable.strings; sourceTree = "<group>"; };
		CED20059231D45900010A8EB /* pt-PT */ = {isa = PBXFileReference; lastKnownFileType = text.plist.strings; name = "pt-PT"; path = "pt-PT.lproj/Localizable.strings"; sourceTree = "<group>"; };
		CED2005A231D45920010A8EB /* es */ = {isa = PBXFileReference; lastKnownFileType = text.plist.strings; name = es; path = es.lproj/Localizable.strings; sourceTree = "<group>"; };
		CED2005B231D45930010A8EB /* th */ = {isa = PBXFileReference; lastKnownFileType = text.plist.strings; name = th; path = th.lproj/Localizable.strings; sourceTree = "<group>"; };
		CED2005C231D45940010A8EB /* sv */ = {isa = PBXFileReference; lastKnownFileType = text.plist.strings; name = sv; path = sv.lproj/Localizable.strings; sourceTree = "<group>"; };
		CED2005D231D45950010A8EB /* tr */ = {isa = PBXFileReference; lastKnownFileType = text.plist.strings; name = tr; path = tr.lproj/Localizable.strings; sourceTree = "<group>"; };
		CED2005E231D45960010A8EB /* vi */ = {isa = PBXFileReference; lastKnownFileType = text.plist.strings; name = vi; path = vi.lproj/Localizable.strings; sourceTree = "<group>"; };
		CEDD058023674787003E9C3A /* ar */ = {isa = PBXFileReference; lastKnownFileType = text.plist.strings; name = ar; path = ar.lproj/InfoPlist.strings; sourceTree = "<group>"; };
		CEDD058123674788003E9C3A /* ar */ = {isa = PBXFileReference; lastKnownFileType = text.plist.strings; name = ar; path = ar.lproj/Localizable.strings; sourceTree = "<group>"; };
		CEFA872322C1004F00AF34A1 /* TravelpayoutsTravelAppTests.xctest */ = {isa = PBXFileReference; explicitFileType = wrapper.cfbundle; includeInIndex = 0; path = TravelpayoutsTravelAppTests.xctest; sourceTree = BUILT_PRODUCTS_DIR; };
		CEFA872522C1004F00AF34A1 /* TravelpayoutsTravelAppTests.swift */ = {isa = PBXFileReference; lastKnownFileType = sourcecode.swift; path = TravelpayoutsTravelAppTests.swift; sourceTree = "<group>"; };
		CEFA872722C1004F00AF34A1 /* Info.plist */ = {isa = PBXFileReference; lastKnownFileType = text.plist.xml; path = Info.plist; sourceTree = "<group>"; };
		CEFB9C6E242A3A420027A662 /* SampleFlightsApp.app */ = {isa = PBXFileReference; explicitFileType = wrapper.application; includeInIndex = 0; path = SampleFlightsApp.app; sourceTree = BUILT_PRODUCTS_DIR; };
		CEFB9C70242A3A420027A662 /* AppDelegate.swift */ = {isa = PBXFileReference; lastKnownFileType = sourcecode.swift; path = AppDelegate.swift; sourceTree = "<group>"; };
		CEFB9C74242A3A420027A662 /* ViewController.swift */ = {isa = PBXFileReference; lastKnownFileType = sourcecode.swift; path = ViewController.swift; sourceTree = "<group>"; };
		CEFB9C79242A3A460027A662 /* Assets.xcassets */ = {isa = PBXFileReference; lastKnownFileType = folder.assetcatalog; path = Assets.xcassets; sourceTree = "<group>"; };
		CEFB9C7C242A3A460027A662 /* Base */ = {isa = PBXFileReference; lastKnownFileType = file.storyboard; name = Base; path = Base.lproj/LaunchScreen.storyboard; sourceTree = "<group>"; };
		CEFB9C7E242A3A460027A662 /* Info.plist */ = {isa = PBXFileReference; lastKnownFileType = text.plist.xml; path = Info.plist; sourceTree = "<group>"; };
		DB0F7463689836B28AC66833 /* Pods_SampleFlightsAppTests.framework */ = {isa = PBXFileReference; explicitFileType = wrapper.framework; includeInIndex = 0; path = Pods_SampleFlightsAppTests.framework; sourceTree = BUILT_PRODUCTS_DIR; };
		E1463DACF1B78B7A3C25503A /* Pods_TravelpayoutsTravelAppTests.framework */ = {isa = PBXFileReference; explicitFileType = wrapper.framework; includeInIndex = 0; path = Pods_TravelpayoutsTravelAppTests.framework; sourceTree = BUILT_PRODUCTS_DIR; };
		EAE484593B12249FFBDE962B /* Pods-SampleFlightsApp.debug.xcconfig */ = {isa = PBXFileReference; includeInIndex = 1; lastKnownFileType = text.xcconfig; name = "Pods-SampleFlightsApp.debug.xcconfig"; path = "Target Support Files/Pods-SampleFlightsApp/Pods-SampleFlightsApp.debug.xcconfig"; sourceTree = "<group>"; };
		FA9CAAF872E010D672594202 /* Pods-SampleFlightsAppTests.debug.xcconfig */ = {isa = PBXFileReference; includeInIndex = 1; lastKnownFileType = text.xcconfig; name = "Pods-SampleFlightsAppTests.debug.xcconfig"; path = "Target Support Files/Pods-SampleFlightsAppTests/Pods-SampleFlightsAppTests.debug.xcconfig"; sourceTree = "<group>"; };
/* End PBXFileReference section */

/* Begin PBXFrameworksBuildPhase section */
		CE19A3BF2434F39100A30320 /* Frameworks */ = {
			isa = PBXFrameworksBuildPhase;
			buildActionMask = 2147483647;
			files = (
				FAA3C5CF26400707DA650171 /* Pods_SampleFlightsAppTests.framework in Frameworks */,
			);
			runOnlyForDeploymentPostprocessing = 0;
		};
		CEAAD392223A80A900E7C5D8 /* Frameworks */ = {
			isa = PBXFrameworksBuildPhase;
			buildActionMask = 2147483647;
			files = (
				7573681B398C6D04C4CD3CAC /* Pods_TravelpayoutsTravelApp.framework in Frameworks */,
			);
			runOnlyForDeploymentPostprocessing = 0;
		};
		CEFA872022C1004F00AF34A1 /* Frameworks */ = {
			isa = PBXFrameworksBuildPhase;
			buildActionMask = 2147483647;
			files = (
				D6C6199E8AC7654A80ACF647 /* Pods_TravelpayoutsTravelAppTests.framework in Frameworks */,
			);
			runOnlyForDeploymentPostprocessing = 0;
		};
		CEFB9C6B242A3A420027A662 /* Frameworks */ = {
			isa = PBXFrameworksBuildPhase;
			buildActionMask = 2147483647;
			files = (
				BDC87C5D2F916B0E16727839 /* Pods_SampleFlightsApp.framework in Frameworks */,
			);
			runOnlyForDeploymentPostprocessing = 0;
		};
/* End PBXFrameworksBuildPhase section */

/* Begin PBXGroup section */
		460381E2241B9EA600089A52 /* AdsManager */ = {
			isa = PBXGroup;
			children = (
				460381E6241B9F9300089A52 /* AppodealAdsManager.swift */,
			);
			path = AdsManager;
			sourceTree = "<group>";
		};
		81BD72274673F2E6C52BB882 /* Frameworks */ = {
			isa = PBXGroup;
			children = (
				B098AE253B4FF377B2B6A383 /* Pods_TravelpayoutsTravelApp.framework */,
				E1463DACF1B78B7A3C25503A /* Pods_TravelpayoutsTravelAppTests.framework */,
				72B0F2337CCDD8336ED3B267 /* Pods_SampleFlightsApp.framework */,
				DB0F7463689836B28AC66833 /* Pods_SampleFlightsAppTests.framework */,
			);
			name = Frameworks;
			sourceTree = "<group>";
		};
		CE19A3C32434F39100A30320 /* SampleFlightsAppTests */ = {
			isa = PBXGroup;
			children = (
				CE19A3C42434F39100A30320 /* SampleFlightsAppTests.swift */,
				CE19A3C62434F39100A30320 /* Info.plist */,
			);
			path = SampleFlightsAppTests;
			sourceTree = "<group>";
		};
		CE35D72F22983B0300EF8901 /* Source */ = {
			isa = PBXGroup;
			children = (
				CE35D871229BEFE900EF8901 /* TravelpayoutsTravelApp-Bridging-Header.h */,
				4693D2C6240FD3CF0036AACE /* TemplateAppConfiguration.swift */,
				CED20041231D42580010A8EB /* AppLocalizations.swift */,
				CE35D73022983B0300EF8901 /* ColorManagment */,
				CE35D74022983B0300EF8901 /* CommonSource */,
				CE35D79722983B0300EF8901 /* Extensions */,
			);
			path = Source;
			sourceTree = "<group>";
		};
		CE35D73022983B0300EF8901 /* ColorManagment */ = {
			isa = PBXGroup;
			children = (
				CE900A0A22A5327700330E56 /* ASTColorScheme.swift */,
				CE35D73222983B0300EF8901 /* ColorSchemeManager.swift */,
				CE900A0C22A5389E00330E56 /* ASTJRC.swift */,
				CE35D73322983B0300EF8901 /* ColorSchemes */,
			);
			path = ColorManagment;
			sourceTree = "<group>";
		};
		CE35D73322983B0300EF8901 /* ColorSchemes */ = {
			isa = PBXGroup;
			children = (
				CE35D73422983B0300EF8901 /* ColorScheme.swift */,
				CE35D73622983B0300EF8901 /* BlackColorScheme.swift */,
				CE35D73722983B0300EF8901 /* PurpleColorScheme.swift */,
				CE35D73822983B0300EF8901 /* CustomColorScheme.swift */,
			);
			path = ColorSchemes;
			sourceTree = "<group>";
		};
		CE35D74022983B0300EF8901 /* CommonSource */ = {
			isa = PBXGroup;
			children = (
				460381E2241B9EA600089A52 /* AdsManager */,
				CE35D882229BF8DC00EF8901 /* Alerts */,
				CE35D75922983B0300EF8901 /* InfoScreen */,
				CE35D87B229BF84A00EF8901 /* MailSender */,
			);
			path = CommonSource;
			sourceTree = "<group>";
		};
		CE35D75922983B0300EF8901 /* InfoScreen */ = {
			isa = PBXGroup;
			children = (
				CE35D76222983B0300EF8901 /* InfoScreenIconImageViewFiveTimesTapHandler.swift */,
				CE35D76422983B0300EF8901 /* InfoScreenPresenter.swift */,
				CE900A0622A153F400330E56 /* InfoScreenRouter.swift */,
				CE35D76322983B0300EF8901 /* InfoScreenViewController.swift */,
				CE35D76522983B0300EF8901 /* InfoScreenViewController.xib */,
				CE35D75A22983B0300EF8901 /* ViewModels */,
				CE35D76622983B0300EF8901 /* Views */,
			);
			path = InfoScreen;
			sourceTree = "<group>";
		};
		CE35D75A22983B0300EF8901 /* ViewModels */ = {
			isa = PBXGroup;
			children = (
				CE35D76022983B0300EF8901 /* InfoScreenAboutCellModel.swift */,
				CE35D75E22983B0300EF8901 /* InfoScreenBasicCellModel.swift */,
				CE35D75C22983B0300EF8901 /* InfoScreenCellModelProtocol.swift */,
				CE35D75B22983B0300EF8901 /* InfoScreenDetailCellModel.swift */,
				CE35D75F22983B0300EF8901 /* InfoScreenExtrnalCellModel.swift */,
				CE35D76122983B0300EF8901 /* InfoScreenRateCellModel.swift */,
				CE35D75D22983B0300EF8901 /* InfoScreenVersionCellModel.swift */,
			);
			path = ViewModels;
			sourceTree = "<group>";
		};
		CE35D76622983B0300EF8901 /* Views */ = {
			isa = PBXGroup;
			children = (
				CE35D76722983B0300EF8901 /* InfoScreenAboutCell */,
				CE35D76A22983B0300EF8901 /* InfoScreenRateCell */,
				CE35D76D22983B0300EF8901 /* InfoScreenVersionCell */,
			);
			path = Views;
			sourceTree = "<group>";
		};
		CE35D76722983B0300EF8901 /* InfoScreenAboutCell */ = {
			isa = PBXGroup;
			children = (
				CE35D76822983B0300EF8901 /* InfoScreenAboutCell.xib */,
				CE35D76922983B0300EF8901 /* InfoScreenAboutCell.swift */,
			);
			path = InfoScreenAboutCell;
			sourceTree = "<group>";
		};
		CE35D76A22983B0300EF8901 /* InfoScreenRateCell */ = {
			isa = PBXGroup;
			children = (
				CE35D76B22983B0300EF8901 /* InfoScreenRateCell.swift */,
				CE35D76C22983B0300EF8901 /* InfoScreenRateCell.xib */,
			);
			path = InfoScreenRateCell;
			sourceTree = "<group>";
		};
		CE35D76D22983B0300EF8901 /* InfoScreenVersionCell */ = {
			isa = PBXGroup;
			children = (
				CE35D76E22983B0300EF8901 /* InfoScreenVersionCell.xib */,
				CE35D76F22983B0300EF8901 /* InfoScreenVersionCell.swift */,
			);
			path = InfoScreenVersionCell;
			sourceTree = "<group>";
		};
		CE35D79722983B0300EF8901 /* Extensions */ = {
			isa = PBXGroup;
			children = (
				CE35D7A022983B0300EF8901 /* HLDefaultCitiesFactory+Config.swift */,
				CE35D79922983B0300EF8901 /* JRSDKSearchInfoBuilder+Config.swift */,
				CE35D7A722983B0300EF8901 /* UIBarButtonItem+BackBarButtonItem.swift */,
			);
			path = Extensions;
			sourceTree = "<group>";
		};
		CE35D87B229BF84A00EF8901 /* MailSender */ = {
			isa = PBXGroup;
			children = (
				CE35D87C229BF84A00EF8901 /* HLEmailSender.h */,
				CE35D87D229BF84A00EF8901 /* HLMailComposeVC.h */,
				CE35D87E229BF84A00EF8901 /* HLEmailSender.m */,
				CE35D87F229BF84A00EF8901 /* HLMailComposeVC.m */,
			);
			path = MailSender;
			sourceTree = "<group>";
		};
		CE35D882229BF8DC00EF8901 /* Alerts */ = {
			isa = PBXGroup;
			children = (
				CECC2EC522D5F964003F3996 /* HLAlertsFabric.h */,
				CECC2EC422D5F964003F3996 /* HLAlertsFabric.m */,
			);
			path = Alerts;
			sourceTree = "<group>";
		};
		CE35D886229BF9A900EF8901 /* Resources */ = {
			isa = PBXGroup;
			children = (
				CE35D8DF229C24C800EF8901 /* App.xcassets */,
				CE35D889229BF9A900EF8901 /* InfoPlist.strings */,
				CED20047231D45750010A8EB /* Localizable.strings */,
			);
			path = Resources;
			sourceTree = "<group>";
		};
		CEAAD38C223A80A900E7C5D8 = {
			isa = PBXGroup;
			children = (
				CEAAD397223A80A900E7C5D8 /* TravelpayoutsTravelApp */,
				CEFA872422C1004F00AF34A1 /* TravelpayoutsTravelAppTests */,
				CEFB9C6F242A3A420027A662 /* SampleFlightsApp */,
				CE19A3C32434F39100A30320 /* SampleFlightsAppTests */,
				CEAAD396223A80A900E7C5D8 /* Products */,
				E7446A59322D4C43AB64D94D /* Pods */,
				81BD72274673F2E6C52BB882 /* Frameworks */,
			);
			sourceTree = "<group>";
		};
		CEAAD396223A80A900E7C5D8 /* Products */ = {
			isa = PBXGroup;
			children = (
				CEAAD395223A80A900E7C5D8 /* TravelpayoutsTravelApp.app */,
				CEFA872322C1004F00AF34A1 /* TravelpayoutsTravelAppTests.xctest */,
				CEFB9C6E242A3A420027A662 /* SampleFlightsApp.app */,
				CE19A3C22434F39100A30320 /* SampleFlightsAppTests.xctest */,
			);
			name = Products;
			sourceTree = "<group>";
		};
		CEAAD397223A80A900E7C5D8 /* TravelpayoutsTravelApp */ = {
			isa = PBXGroup;
			children = (
				CEB0C73222B3B41E00D454C8 /* GoogleService-Info.plist */,
				46DC5E362424CDDF00C110E1 /* default_config.plist */,
				CEAAD3A4223A80AA00E7C5D8 /* Info.plist */,
				CEAAD398223A80A900E7C5D8 /* AppDelegate.swift */,
				CE35D8ED229D5CC400EF8901 /* AppIcon.xcassets */,
				CE900A0822A52A1300330E56 /* LaunchScreen.xib */,
				CE35D886229BF9A900EF8901 /* Resources */,
				CE35D72F22983B0300EF8901 /* Source */,
			);
			path = TravelpayoutsTravelApp;
			sourceTree = "<group>";
		};
		CEFA872422C1004F00AF34A1 /* TravelpayoutsTravelAppTests */ = {
			isa = PBXGroup;
			children = (
				CEFA872522C1004F00AF34A1 /* TravelpayoutsTravelAppTests.swift */,
				CEFA872722C1004F00AF34A1 /* Info.plist */,
			);
			path = TravelpayoutsTravelAppTests;
			sourceTree = "<group>";
		};
		CEFB9C6F242A3A420027A662 /* SampleFlightsApp */ = {
			isa = PBXGroup;
			children = (
				CEFB9C70242A3A420027A662 /* AppDelegate.swift */,
				CEFB9C74242A3A420027A662 /* ViewController.swift */,
				CEFB9C79242A3A460027A662 /* Assets.xcassets */,
				CEFB9C7B242A3A460027A662 /* LaunchScreen.storyboard */,
				CEFB9C7E242A3A460027A662 /* Info.plist */,
			);
			path = SampleFlightsApp;
			sourceTree = "<group>";
		};
		E7446A59322D4C43AB64D94D /* Pods */ = {
			isa = PBXGroup;
			children = (
				09FA86A706F9E1C98E3C707F /* Pods-TravelpayoutsTravelApp.debug.xcconfig */,
				0B55F0ED1CDC9C2AA4BEBAFD /* Pods-TravelpayoutsTravelApp.release.xcconfig */,
				6CA826E536DF850222CAE0B4 /* Pods-TravelpayoutsTravelAppTests.debug.xcconfig */,
				A3EB6DFA7BF842C3EA35D900 /* Pods-TravelpayoutsTravelAppTests.release.xcconfig */,
				EAE484593B12249FFBDE962B /* Pods-SampleFlightsApp.debug.xcconfig */,
				BA2E270BEA919A4FA567A69E /* Pods-SampleFlightsApp.release.xcconfig */,
				FA9CAAF872E010D672594202 /* Pods-SampleFlightsAppTests.debug.xcconfig */,
				92595E2F54527F0AB6C27445 /* Pods-SampleFlightsAppTests.release.xcconfig */,
			);
			path = Pods;
			sourceTree = "<group>";
		};
/* End PBXGroup section */

/* Begin PBXNativeTarget section */
		CE19A3C12434F39100A30320 /* SampleFlightsAppTests */ = {
			isa = PBXNativeTarget;
			buildConfigurationList = CE19A3CB2434F39100A30320 /* Build configuration list for PBXNativeTarget "SampleFlightsAppTests" */;
			buildPhases = (
				8391359D2C7ADEED026EBB91 /* [CP] Check Pods Manifest.lock */,
				CE19A3BE2434F39100A30320 /* Sources */,
				CE19A3BF2434F39100A30320 /* Frameworks */,
				CE19A3C02434F39100A30320 /* Resources */,
			);
			buildRules = (
			);
			dependencies = (
				CE19A3C82434F39100A30320 /* PBXTargetDependency */,
			);
			name = SampleFlightsAppTests;
			productName = SampleFlightsAppTests;
			productReference = CE19A3C22434F39100A30320 /* SampleFlightsAppTests.xctest */;
			productType = "com.apple.product-type.bundle.unit-test";
		};
		CEAAD394223A80A900E7C5D8 /* TravelpayoutsTravelApp */ = {
			isa = PBXNativeTarget;
			buildConfigurationList = CEAAD3A7223A80AA00E7C5D8 /* Build configuration list for PBXNativeTarget "TravelpayoutsTravelApp" */;
			buildPhases = (
				0A14717E046EFE890F1C08D2 /* [CP] Check Pods Manifest.lock */,
				CEAAD391223A80A900E7C5D8 /* Sources */,
				CEAAD392223A80A900E7C5D8 /* Frameworks */,
				CEAAD393223A80A900E7C5D8 /* Resources */,
				377106953E320ED7A46165CD /* [CP] Copy Pods Resources */,
			);
			buildRules = (
			);
			dependencies = (
			);
			name = TravelpayoutsTravelApp;
			productName = TravelpayoutsTravelApp;
			productReference = CEAAD395223A80A900E7C5D8 /* TravelpayoutsTravelApp.app */;
			productType = "com.apple.product-type.application";
		};
		CEFA872222C1004F00AF34A1 /* TravelpayoutsTravelAppTests */ = {
			isa = PBXNativeTarget;
			buildConfigurationList = CEFA872C22C1004F00AF34A1 /* Build configuration list for PBXNativeTarget "TravelpayoutsTravelAppTests" */;
			buildPhases = (
				35397292C89793C78ABF9491 /* [CP] Check Pods Manifest.lock */,
				CEFA871F22C1004F00AF34A1 /* Sources */,
				CEFA872022C1004F00AF34A1 /* Frameworks */,
				CEFA872122C1004F00AF34A1 /* Resources */,
			);
			buildRules = (
			);
			dependencies = (
				CEFA872922C1004F00AF34A1 /* PBXTargetDependency */,
			);
			name = TravelpayoutsTravelAppTests;
			productName = TravelpayoutsTravelAppTests;
			productReference = CEFA872322C1004F00AF34A1 /* TravelpayoutsTravelAppTests.xctest */;
			productType = "com.apple.product-type.bundle.unit-test";
		};
		CEFB9C6D242A3A420027A662 /* SampleFlightsApp */ = {
			isa = PBXNativeTarget;
			buildConfigurationList = CEFB9C81242A3A460027A662 /* Build configuration list for PBXNativeTarget "SampleFlightsApp" */;
			buildPhases = (
				C666CE89E3931C044BDDC558 /* [CP] Check Pods Manifest.lock */,
				CEFB9C6A242A3A420027A662 /* Sources */,
				CEFB9C6B242A3A420027A662 /* Frameworks */,
				CEFB9C6C242A3A420027A662 /* Resources */,
				17927FF5977538AA89C62729 /* [CP] Copy Pods Resources */,
			);
			buildRules = (
			);
			dependencies = (
			);
			name = SampleFlightsApp;
			productName = SampleFlightsApp;
			productReference = CEFB9C6E242A3A420027A662 /* SampleFlightsApp.app */;
			productType = "com.apple.product-type.application";
		};
/* End PBXNativeTarget section */

/* Begin PBXProject section */
		CEAAD38D223A80A900E7C5D8 /* Project object */ = {
			isa = PBXProject;
			attributes = {
				LastSwiftUpdateCheck = 1140;
				LastUpgradeCheck = 1200;
				ORGANIZATIONNAME = "Go Travel Un Limited";
				TargetAttributes = {
					CE19A3C12434F39100A30320 = {
						CreatedOnToolsVersion = 11.4;
						TestTargetID = CEFB9C6D242A3A420027A662;
					};
					CEAAD394223A80A900E7C5D8 = {
						CreatedOnToolsVersion = 10.1;
					};
					CEFA872222C1004F00AF34A1 = {
						CreatedOnToolsVersion = 10.2.1;
						TestTargetID = CEAAD394223A80A900E7C5D8;
					};
					CEFB9C6D242A3A420027A662 = {
						CreatedOnToolsVersion = 11.3.1;
					};
				};
			};
			buildConfigurationList = CEAAD390223A80A900E7C5D8 /* Build configuration list for PBXProject "TravelpayoutsTravelApp" */;
			compatibilityVersion = "Xcode 9.3";
			developmentRegion = en;
			hasScannedForEncodings = 0;
			knownRegions = (
				en,
				Base,
				ru,
				de,
				el,
				"zh-Hans",
				ja,
				nb,
				es,
				da,
				it,
				ms,
				sv,
				ko,
				"zh-Hant",
				tr,
				pl,
				vi,
				fr,
				fi,
				id,
				nl,
				th,
				pt,
				"pt-PT",
				ar,
			);
			mainGroup = CEAAD38C223A80A900E7C5D8;
			productRefGroup = CEAAD396223A80A900E7C5D8 /* Products */;
			projectDirPath = "";
			projectRoot = "";
			targets = (
				CEAAD394223A80A900E7C5D8 /* TravelpayoutsTravelApp */,
				CEFA872222C1004F00AF34A1 /* TravelpayoutsTravelAppTests */,
				CEFB9C6D242A3A420027A662 /* SampleFlightsApp */,
				CE19A3C12434F39100A30320 /* SampleFlightsAppTests */,
			);
		};
/* End PBXProject section */

/* Begin PBXResourcesBuildPhase section */
		CE19A3C02434F39100A30320 /* Resources */ = {
			isa = PBXResourcesBuildPhase;
			buildActionMask = 2147483647;
			files = (
			);
			runOnlyForDeploymentPostprocessing = 0;
		};
		CEAAD393223A80A900E7C5D8 /* Resources */ = {
			isa = PBXResourcesBuildPhase;
			buildActionMask = 2147483647;
			files = (
				CEB0C73322B3B41E00D454C8 /* GoogleService-Info.plist in Resources */,
				CE35D81E22983B0300EF8901 /* InfoScreenAboutCell.xib in Resources */,
				CE35D8EE229D5CC400EF8901 /* AppIcon.xcassets in Resources */,
				CE35D81D22983B0300EF8901 /* InfoScreenViewController.xib in Resources */,
				CE35D8D3229BF9A900EF8901 /* InfoPlist.strings in Resources */,
				CE35D82122983B0300EF8901 /* InfoScreenRateCell.xib in Resources */,
				CE900A0922A52A1300330E56 /* LaunchScreen.xib in Resources */,
				4693D2CA240FD8760036AACE /* App.xcassets in Resources */,
				CE35D82222983B0300EF8901 /* InfoScreenVersionCell.xib in Resources */,
				46DC5E372424CDDF00C110E1 /* default_config.plist in Resources */,
				CED20045231D45750010A8EB /* Localizable.strings in Resources */,
			);
			runOnlyForDeploymentPostprocessing = 0;
		};
		CEFA872122C1004F00AF34A1 /* Resources */ = {
			isa = PBXResourcesBuildPhase;
			buildActionMask = 2147483647;
			files = (
			);
			runOnlyForDeploymentPostprocessing = 0;
		};
		CEFB9C6C242A3A420027A662 /* Resources */ = {
			isa = PBXResourcesBuildPhase;
			buildActionMask = 2147483647;
			files = (
				CEFB9C7D242A3A460027A662 /* LaunchScreen.storyboard in Resources */,
				CEFB9C7A242A3A460027A662 /* Assets.xcassets in Resources */,
			);
			runOnlyForDeploymentPostprocessing = 0;
		};
/* End PBXResourcesBuildPhase section */

/* Begin PBXShellScriptBuildPhase section */
		0A14717E046EFE890F1C08D2 /* [CP] Check Pods Manifest.lock */ = {
			isa = PBXShellScriptBuildPhase;
			buildActionMask = 2147483647;
			files = (
			);
			inputFileListPaths = (
			);
			inputPaths = (
				"${PODS_PODFILE_DIR_PATH}/Podfile.lock",
				"${PODS_ROOT}/Manifest.lock",
			);
			name = "[CP] Check Pods Manifest.lock";
			outputFileListPaths = (
			);
			outputPaths = (
				"$(DERIVED_FILE_DIR)/Pods-TravelpayoutsTravelApp-checkManifestLockResult.txt",
			);
			runOnlyForDeploymentPostprocessing = 0;
			shellPath = /bin/sh;
			shellScript = "diff \"${PODS_PODFILE_DIR_PATH}/Podfile.lock\" \"${PODS_ROOT}/Manifest.lock\" > /dev/null\nif [ $? != 0 ] ; then\n    # print error to STDERR\n    echo \"error: The sandbox is not in sync with the Podfile.lock. Run 'pod install' or update your CocoaPods installation.\" >&2\n    exit 1\nfi\n# This output is used by Xcode 'outputs' to avoid re-running this script phase.\necho \"SUCCESS\" > \"${SCRIPT_OUTPUT_FILE_0}\"\n";
			showEnvVarsInLog = 0;
		};
		17927FF5977538AA89C62729 /* [CP] Copy Pods Resources */ = {
			isa = PBXShellScriptBuildPhase;
			buildActionMask = 2147483647;
			files = (
			);
			inputFileListPaths = (
				"${PODS_ROOT}/Target Support Files/Pods-SampleFlightsApp/Pods-SampleFlightsApp-resources-${CONFIGURATION}-input-files.xcfilelist",
			);
			name = "[CP] Copy Pods Resources";
			outputFileListPaths = (
				"${PODS_ROOT}/Target Support Files/Pods-SampleFlightsApp/Pods-SampleFlightsApp-resources-${CONFIGURATION}-output-files.xcfilelist",
			);
			runOnlyForDeploymentPostprocessing = 0;
			shellPath = /bin/sh;
			shellScript = "\"${PODS_ROOT}/Target Support Files/Pods-SampleFlightsApp/Pods-SampleFlightsApp-resources.sh\"\n";
			showEnvVarsInLog = 0;
		};
		35397292C89793C78ABF9491 /* [CP] Check Pods Manifest.lock */ = {
			isa = PBXShellScriptBuildPhase;
			buildActionMask = 2147483647;
			files = (
			);
			inputFileListPaths = (
			);
			inputPaths = (
				"${PODS_PODFILE_DIR_PATH}/Podfile.lock",
				"${PODS_ROOT}/Manifest.lock",
			);
			name = "[CP] Check Pods Manifest.lock";
			outputFileListPaths = (
			);
			outputPaths = (
				"$(DERIVED_FILE_DIR)/Pods-TravelpayoutsTravelAppTests-checkManifestLockResult.txt",
			);
			runOnlyForDeploymentPostprocessing = 0;
			shellPath = /bin/sh;
			shellScript = "diff \"${PODS_PODFILE_DIR_PATH}/Podfile.lock\" \"${PODS_ROOT}/Manifest.lock\" > /dev/null\nif [ $? != 0 ] ; then\n    # print error to STDERR\n    echo \"error: The sandbox is not in sync with the Podfile.lock. Run 'pod install' or update your CocoaPods installation.\" >&2\n    exit 1\nfi\n# This output is used by Xcode 'outputs' to avoid re-running this script phase.\necho \"SUCCESS\" > \"${SCRIPT_OUTPUT_FILE_0}\"\n";
			showEnvVarsInLog = 0;
		};
		377106953E320ED7A46165CD /* [CP] Copy Pods Resources */ = {
			isa = PBXShellScriptBuildPhase;
			buildActionMask = 2147483647;
			files = (
			);
			inputFileListPaths = (
				"${PODS_ROOT}/Target Support Files/Pods-TravelpayoutsTravelApp/Pods-TravelpayoutsTravelApp-resources-${CONFIGURATION}-input-files.xcfilelist",
			);
			name = "[CP] Copy Pods Resources";
			outputFileListPaths = (
				"${PODS_ROOT}/Target Support Files/Pods-TravelpayoutsTravelApp/Pods-TravelpayoutsTravelApp-resources-${CONFIGURATION}-output-files.xcfilelist",
			);
			runOnlyForDeploymentPostprocessing = 0;
			shellPath = /bin/sh;
			shellScript = "\"${PODS_ROOT}/Target Support Files/Pods-TravelpayoutsTravelApp/Pods-TravelpayoutsTravelApp-resources.sh\"\n";
			showEnvVarsInLog = 0;
		};
		8391359D2C7ADEED026EBB91 /* [CP] Check Pods Manifest.lock */ = {
			isa = PBXShellScriptBuildPhase;
			buildActionMask = 2147483647;
			files = (
			);
			inputFileListPaths = (
			);
			inputPaths = (
				"${PODS_PODFILE_DIR_PATH}/Podfile.lock",
				"${PODS_ROOT}/Manifest.lock",
			);
			name = "[CP] Check Pods Manifest.lock";
			outputFileListPaths = (
			);
			outputPaths = (
				"$(DERIVED_FILE_DIR)/Pods-SampleFlightsAppTests-checkManifestLockResult.txt",
			);
			runOnlyForDeploymentPostprocessing = 0;
			shellPath = /bin/sh;
			shellScript = "diff \"${PODS_PODFILE_DIR_PATH}/Podfile.lock\" \"${PODS_ROOT}/Manifest.lock\" > /dev/null\nif [ $? != 0 ] ; then\n    # print error to STDERR\n    echo \"error: The sandbox is not in sync with the Podfile.lock. Run 'pod install' or update your CocoaPods installation.\" >&2\n    exit 1\nfi\n# This output is used by Xcode 'outputs' to avoid re-running this script phase.\necho \"SUCCESS\" > \"${SCRIPT_OUTPUT_FILE_0}\"\n";
			showEnvVarsInLog = 0;
		};
		C666CE89E3931C044BDDC558 /* [CP] Check Pods Manifest.lock */ = {
			isa = PBXShellScriptBuildPhase;
			buildActionMask = 2147483647;
			files = (
			);
			inputFileListPaths = (
			);
			inputPaths = (
				"${PODS_PODFILE_DIR_PATH}/Podfile.lock",
				"${PODS_ROOT}/Manifest.lock",
			);
			name = "[CP] Check Pods Manifest.lock";
			outputFileListPaths = (
			);
			outputPaths = (
				"$(DERIVED_FILE_DIR)/Pods-SampleFlightsApp-checkManifestLockResult.txt",
			);
			runOnlyForDeploymentPostprocessing = 0;
			shellPath = /bin/sh;
			shellScript = "diff \"${PODS_PODFILE_DIR_PATH}/Podfile.lock\" \"${PODS_ROOT}/Manifest.lock\" > /dev/null\nif [ $? != 0 ] ; then\n    # print error to STDERR\n    echo \"error: The sandbox is not in sync with the Podfile.lock. Run 'pod install' or update your CocoaPods installation.\" >&2\n    exit 1\nfi\n# This output is used by Xcode 'outputs' to avoid re-running this script phase.\necho \"SUCCESS\" > \"${SCRIPT_OUTPUT_FILE_0}\"\n";
			showEnvVarsInLog = 0;
		};
/* End PBXShellScriptBuildPhase section */

/* Begin PBXSourcesBuildPhase section */
		CE19A3BE2434F39100A30320 /* Sources */ = {
			isa = PBXSourcesBuildPhase;
			buildActionMask = 2147483647;
			files = (
				CE19A3C52434F39100A30320 /* SampleFlightsAppTests.swift in Sources */,
			);
			runOnlyForDeploymentPostprocessing = 0;
		};
		CEAAD391223A80A900E7C5D8 /* Sources */ = {
			isa = PBXSourcesBuildPhase;
			buildActionMask = 2147483647;
			files = (
				CE35D81522983B0300EF8901 /* InfoScreenVersionCellModel.swift in Sources */,
				CE35D7FA22983B0300EF8901 /* ColorSchemeManager.swift in Sources */,
				CE900A0722A153F400330E56 /* InfoScreenRouter.swift in Sources */,
				CECC2EC622D5F964003F3996 /* HLAlertsFabric.m in Sources */,
				CE35D83B22983B0300EF8901 /* HLDefaultCitiesFactory+Config.swift in Sources */,
				CEAAD399223A80A900E7C5D8 /* AppDelegate.swift in Sources */,
				CE35D81C22983B0300EF8901 /* InfoScreenPresenter.swift in Sources */,
				CE35D81922983B0300EF8901 /* InfoScreenRateCellModel.swift in Sources */,
				4693D2C7240FD3CF0036AACE /* TemplateAppConfiguration.swift in Sources */,
				CE35D81B22983B0300EF8901 /* InfoScreenViewController.swift in Sources */,
				CE900A0B22A5327700330E56 /* ASTColorScheme.swift in Sources */,
				CE35D84222983B0300EF8901 /* UIBarButtonItem+BackBarButtonItem.swift in Sources */,
				CE35D7FF22983B0300EF8901 /* CustomColorScheme.swift in Sources */,
				CE35D7FB22983B0300EF8901 /* ColorScheme.swift in Sources */,
				460381E7241B9F9300089A52 /* AppodealAdsManager.swift in Sources */,
				CE35D7FE22983B0300EF8901 /* PurpleColorScheme.swift in Sources */,
				CE35D82322983B0300EF8901 /* InfoScreenVersionCell.swift in Sources */,
				CE900A0D22A5389E00330E56 /* ASTJRC.swift in Sources */,
				CE35D81822983B0300EF8901 /* InfoScreenAboutCellModel.swift in Sources */,
				CE35D7FD22983B0300EF8901 /* BlackColorScheme.swift in Sources */,
				CED20042231D42580010A8EB /* AppLocalizations.swift in Sources */,
				CE35D83422983B0300EF8901 /* JRSDKSearchInfoBuilder+Config.swift in Sources */,
				CE35D881229BF84A00EF8901 /* HLMailComposeVC.m in Sources */,
				CE35D81422983B0300EF8901 /* InfoScreenCellModelProtocol.swift in Sources */,
				CE35D82022983B0300EF8901 /* InfoScreenRateCell.swift in Sources */,
				CE35D81322983B0300EF8901 /* InfoScreenDetailCellModel.swift in Sources */,
				CE35D880229BF84A00EF8901 /* HLEmailSender.m in Sources */,
				CE35D81A22983B0300EF8901 /* InfoScreenIconImageViewFiveTimesTapHandler.swift in Sources */,
				CE35D81F22983B0300EF8901 /* InfoScreenAboutCell.swift in Sources */,
				CE35D81722983B0300EF8901 /* InfoScreenExtrnalCellModel.swift in Sources */,
				CE35D81622983B0300EF8901 /* InfoScreenBasicCellModel.swift in Sources */,
			);
			runOnlyForDeploymentPostprocessing = 0;
		};
		CEFA871F22C1004F00AF34A1 /* Sources */ = {
			isa = PBXSourcesBuildPhase;
			buildActionMask = 2147483647;
			files = (
				CEFA872622C1004F00AF34A1 /* TravelpayoutsTravelAppTests.swift in Sources */,
			);
			runOnlyForDeploymentPostprocessing = 0;
		};
		CEFB9C6A242A3A420027A662 /* Sources */ = {
			isa = PBXSourcesBuildPhase;
			buildActionMask = 2147483647;
			files = (
				CEFB9C75242A3A420027A662 /* ViewController.swift in Sources */,
				CEFB9C71242A3A420027A662 /* AppDelegate.swift in Sources */,
			);
			runOnlyForDeploymentPostprocessing = 0;
		};
/* End PBXSourcesBuildPhase section */

/* Begin PBXTargetDependency section */
		CE19A3C82434F39100A30320 /* PBXTargetDependency */ = {
			isa = PBXTargetDependency;
			target = CEFB9C6D242A3A420027A662 /* SampleFlightsApp */;
			targetProxy = CE19A3C72434F39100A30320 /* PBXContainerItemProxy */;
		};
		CEFA872922C1004F00AF34A1 /* PBXTargetDependency */ = {
			isa = PBXTargetDependency;
			target = CEAAD394223A80A900E7C5D8 /* TravelpayoutsTravelApp */;
			targetProxy = CEFA872822C1004F00AF34A1 /* PBXContainerItemProxy */;
		};
/* End PBXTargetDependency section */

/* Begin PBXVariantGroup section */
		CE35D889229BF9A900EF8901 /* InfoPlist.strings */ = {
			isa = PBXVariantGroup;
			children = (
				CE35D88A229BF9A900EF8901 /* de */,
				CE35D88E229BF9A900EF8901 /* el */,
				CE35D891229BF9A900EF8901 /* zh-Hans */,
				CE35D894229BF9A900EF8901 /* ja */,
				CE35D897229BF9A900EF8901 /* en */,
				CE35D89A229BF9A900EF8901 /* nb */,
				CE35D89D229BF9A900EF8901 /* es */,
				CE35D8A0229BF9A900EF8901 /* da */,
				CE35D8A3229BF9A900EF8901 /* it */,
				CE35D8A6229BF9A900EF8901 /* ms */,
				CE35D8A9229BF9A900EF8901 /* sv */,
				CE35D8AC229BF9A900EF8901 /* ko */,
				CE35D8AF229BF9A900EF8901 /* zh-Hant */,
				CE35D8B2229BF9A900EF8901 /* tr */,
				CE35D8B5229BF9A900EF8901 /* pl */,
				CE35D8B8229BF9A900EF8901 /* vi */,
				CE35D8BB229BF9A900EF8901 /* ru */,
				CE35D8BE229BF9A900EF8901 /* fr */,
				CE35D8C1229BF9A900EF8901 /* fi */,
				CE35D8C4229BF9A900EF8901 /* id */,
				CE35D8C7229BF9A900EF8901 /* nl */,
				CE35D8CA229BF9A900EF8901 /* th */,
				CE35D8CD229BF9A900EF8901 /* pt */,
				CE35D8D0229BF9A900EF8901 /* pt-PT */,
				CEDD058023674787003E9C3A /* ar */,
			);
			name = InfoPlist.strings;
			sourceTree = "<group>";
		};
		CED20047231D45750010A8EB /* Localizable.strings */ = {
			isa = PBXVariantGroup;
			children = (
				CED20046231D45750010A8EB /* en */,
				CED20048231D45770010A8EB /* zh-Hans */,
				CED20049231D457A0010A8EB /* zh-Hant */,
				CED2004A231D457B0010A8EB /* da */,
				CED2004B231D457C0010A8EB /* fi */,
				CED2004C231D457D0010A8EB /* nl */,
				CED2004D231D457D0010A8EB /* fr */,
				CED2004E231D457E0010A8EB /* de */,
				CED2004F231D457F0010A8EB /* el */,
				CED20050231D45800010A8EB /* id */,
				CED20051231D45810010A8EB /* it */,
				CED20052231D45820010A8EB /* ja */,
				CED20053231D45830010A8EB /* ko */,
				CED20054231D45860010A8EB /* ms */,
				CED20055231D458A0010A8EB /* nb */,
				CED20056231D458E0010A8EB /* pl */,
				CED20057231D458E0010A8EB /* pt */,
				CED20058231D458F0010A8EB /* ru */,
				CED20059231D45900010A8EB /* pt-PT */,
				CED2005A231D45920010A8EB /* es */,
				CED2005B231D45930010A8EB /* th */,
				CED2005C231D45940010A8EB /* sv */,
				CED2005D231D45950010A8EB /* tr */,
				CED2005E231D45960010A8EB /* vi */,
				CEDD058123674788003E9C3A /* ar */,
			);
			name = Localizable.strings;
			sourceTree = "<group>";
		};
		CEFB9C7B242A3A460027A662 /* LaunchScreen.storyboard */ = {
			isa = PBXVariantGroup;
			children = (
				CEFB9C7C242A3A460027A662 /* Base */,
			);
			name = LaunchScreen.storyboard;
			sourceTree = "<group>";
		};
/* End PBXVariantGroup section */

/* Begin XCBuildConfiguration section */
		CE19A3C92434F39100A30320 /* Debug */ = {
			isa = XCBuildConfiguration;
			baseConfigurationReference = FA9CAAF872E010D672594202 /* Pods-SampleFlightsAppTests.debug.xcconfig */;
			buildSettings = {
				BUNDLE_LOADER = "$(TEST_HOST)";
				CLANG_CXX_LANGUAGE_STANDARD = "gnu++14";
				CLANG_CXX_LIBRARY = "libc++";
				CODE_SIGN_STYLE = Manual;
				DEVELOPMENT_TEAM = "";
				GCC_C_LANGUAGE_STANDARD = gnu11;
				INFOPLIST_FILE = SampleFlightsAppTests/Info.plist;
				IPHONEOS_DEPLOYMENT_TARGET = 13.4;
				LD_RUNPATH_SEARCH_PATHS = (
					"$(inherited)",
					"@executable_path/Frameworks",
					"@loader_path/Frameworks",
				);
				PRODUCT_BUNDLE_IDENTIFIER = ru.aviasales.SampleFlightsAppTests;
				PRODUCT_NAME = "$(TARGET_NAME)";
				PROVISIONING_PROFILE_SPECIFIER = "";
				"PROVISIONING_PROFILE_SPECIFIER[sdk=macosx*]" = "";
				SWIFT_VERSION = 5.0;
				TARGETED_DEVICE_FAMILY = "1,2";
				TEST_HOST = "$(BUILT_PRODUCTS_DIR)/SampleFlightsApp.app/SampleFlightsApp";
			};
			name = Debug;
		};
		CE19A3CA2434F39100A30320 /* Release */ = {
			isa = XCBuildConfiguration;
			baseConfigurationReference = 92595E2F54527F0AB6C27445 /* Pods-SampleFlightsAppTests.release.xcconfig */;
			buildSettings = {
				BUNDLE_LOADER = "$(TEST_HOST)";
				CLANG_CXX_LANGUAGE_STANDARD = "gnu++14";
				CLANG_CXX_LIBRARY = "libc++";
				CODE_SIGN_STYLE = Manual;
				DEVELOPMENT_TEAM = "";
				GCC_C_LANGUAGE_STANDARD = gnu11;
				INFOPLIST_FILE = SampleFlightsAppTests/Info.plist;
				IPHONEOS_DEPLOYMENT_TARGET = 13.4;
				LD_RUNPATH_SEARCH_PATHS = (
					"$(inherited)",
					"@executable_path/Frameworks",
					"@loader_path/Frameworks",
				);
				PRODUCT_BUNDLE_IDENTIFIER = ru.aviasales.SampleFlightsAppTests;
				PRODUCT_NAME = "$(TARGET_NAME)";
				PROVISIONING_PROFILE_SPECIFIER = "";
				"PROVISIONING_PROFILE_SPECIFIER[sdk=macosx*]" = "";
				SWIFT_VERSION = 5.0;
				TARGETED_DEVICE_FAMILY = "1,2";
				TEST_HOST = "$(BUILT_PRODUCTS_DIR)/SampleFlightsApp.app/SampleFlightsApp";
			};
			name = Release;
		};
		CEAAD3A5223A80AA00E7C5D8 /* Debug */ = {
			isa = XCBuildConfiguration;
			buildSettings = {
				ALWAYS_SEARCH_USER_PATHS = NO;
				CLANG_ANALYZER_LOCALIZABILITY_NONLOCALIZED = YES;
				CLANG_ANALYZER_NONNULL = YES;
				CLANG_ANALYZER_NUMBER_OBJECT_CONVERSION = YES_AGGRESSIVE;
				CLANG_ENABLE_MODULES = YES;
				CLANG_ENABLE_OBJC_ARC = YES;
				CLANG_ENABLE_OBJC_WEAK = YES;
				CLANG_WARN_BLOCK_CAPTURE_AUTORELEASING = YES;
				CLANG_WARN_BOOL_CONVERSION = YES;
				CLANG_WARN_COMMA = YES;
				CLANG_WARN_CONSTANT_CONVERSION = YES;
				CLANG_WARN_DEPRECATED_OBJC_IMPLEMENTATIONS = YES;
				CLANG_WARN_DIRECT_OBJC_ISA_USAGE = YES_ERROR;
				CLANG_WARN_DOCUMENTATION_COMMENTS = YES;
				CLANG_WARN_EMPTY_BODY = YES;
				CLANG_WARN_ENUM_CONVERSION = YES;
				CLANG_WARN_INFINITE_RECURSION = YES;
				CLANG_WARN_INT_CONVERSION = YES;
				CLANG_WARN_NON_LITERAL_NULL_CONVERSION = YES;
				CLANG_WARN_OBJC_IMPLICIT_RETAIN_SELF = YES;
				CLANG_WARN_OBJC_LITERAL_CONVERSION = YES;
				CLANG_WARN_OBJC_ROOT_CLASS = YES_ERROR;
				CLANG_WARN_RANGE_LOOP_ANALYSIS = YES;
				CLANG_WARN_STRICT_PROTOTYPES = YES;
				CLANG_WARN_SUSPICIOUS_MOVE = YES;
				CLANG_WARN_UNGUARDED_AVAILABILITY = YES_AGGRESSIVE;
				CLANG_WARN_UNREACHABLE_CODE = YES;
				CLANG_WARN__DUPLICATE_METHOD_MATCH = YES;
				CODE_SIGN_IDENTITY = "iPhone Developer";
				COPY_PHASE_STRIP = NO;
				DEBUG_INFORMATION_FORMAT = dwarf;
				ENABLE_BITCODE = NO;
				ENABLE_STRICT_OBJC_MSGSEND = YES;
				ENABLE_TESTABILITY = YES;
				GCC_DYNAMIC_NO_PIC = NO;
				GCC_NO_COMMON_BLOCKS = YES;
				GCC_OPTIMIZATION_LEVEL = 0;
				GCC_PREPROCESSOR_DEFINITIONS = (
					"DEBUG=1",
					"$(inherited)",
				);
				GCC_WARN_64_TO_32_BIT_CONVERSION = YES;
				GCC_WARN_ABOUT_RETURN_TYPE = YES_ERROR;
				GCC_WARN_UNDECLARED_SELECTOR = YES;
				GCC_WARN_UNINITIALIZED_AUTOS = YES_AGGRESSIVE;
				GCC_WARN_UNUSED_FUNCTION = YES;
				GCC_WARN_UNUSED_VARIABLE = YES;
				IPHONEOS_DEPLOYMENT_TARGET = 11.0;
				MTL_ENABLE_DEBUG_INFO = INCLUDE_SOURCE;
				MTL_FAST_MATH = YES;
				ONLY_ACTIVE_ARCH = YES;
				SDKROOT = iphoneos;
				SWIFT_ACTIVE_COMPILATION_CONDITIONS = DEBUG;
				SWIFT_OPTIMIZATION_LEVEL = "-Onone";
			};
			name = Debug;
		};
		CEAAD3A6223A80AA00E7C5D8 /* Release */ = {
			isa = XCBuildConfiguration;
			buildSettings = {
				ALWAYS_SEARCH_USER_PATHS = NO;
				CLANG_ANALYZER_LOCALIZABILITY_NONLOCALIZED = YES;
				CLANG_ANALYZER_NONNULL = YES;
				CLANG_ANALYZER_NUMBER_OBJECT_CONVERSION = YES_AGGRESSIVE;
				CLANG_ENABLE_MODULES = YES;
				CLANG_ENABLE_OBJC_ARC = YES;
				CLANG_ENABLE_OBJC_WEAK = YES;
				CLANG_WARN_BLOCK_CAPTURE_AUTORELEASING = YES;
				CLANG_WARN_BOOL_CONVERSION = YES;
				CLANG_WARN_COMMA = YES;
				CLANG_WARN_CONSTANT_CONVERSION = YES;
				CLANG_WARN_DEPRECATED_OBJC_IMPLEMENTATIONS = YES;
				CLANG_WARN_DIRECT_OBJC_ISA_USAGE = YES_ERROR;
				CLANG_WARN_DOCUMENTATION_COMMENTS = YES;
				CLANG_WARN_EMPTY_BODY = YES;
				CLANG_WARN_ENUM_CONVERSION = YES;
				CLANG_WARN_INFINITE_RECURSION = YES;
				CLANG_WARN_INT_CONVERSION = YES;
				CLANG_WARN_NON_LITERAL_NULL_CONVERSION = YES;
				CLANG_WARN_OBJC_IMPLICIT_RETAIN_SELF = YES;
				CLANG_WARN_OBJC_LITERAL_CONVERSION = YES;
				CLANG_WARN_OBJC_ROOT_CLASS = YES_ERROR;
				CLANG_WARN_RANGE_LOOP_ANALYSIS = YES;
				CLANG_WARN_STRICT_PROTOTYPES = YES;
				CLANG_WARN_SUSPICIOUS_MOVE = YES;
				CLANG_WARN_UNGUARDED_AVAILABILITY = YES_AGGRESSIVE;
				CLANG_WARN_UNREACHABLE_CODE = YES;
				CLANG_WARN__DUPLICATE_METHOD_MATCH = YES;
				CODE_SIGN_IDENTITY = "iPhone Distribution";
				COPY_PHASE_STRIP = NO;
				DEBUG_INFORMATION_FORMAT = "dwarf-with-dsym";
				ENABLE_BITCODE = NO;
				ENABLE_NS_ASSERTIONS = NO;
				ENABLE_STRICT_OBJC_MSGSEND = YES;
				GCC_NO_COMMON_BLOCKS = YES;
				GCC_WARN_64_TO_32_BIT_CONVERSION = YES;
				GCC_WARN_ABOUT_RETURN_TYPE = YES_ERROR;
				GCC_WARN_UNDECLARED_SELECTOR = YES;
				GCC_WARN_UNINITIALIZED_AUTOS = YES_AGGRESSIVE;
				GCC_WARN_UNUSED_FUNCTION = YES;
				GCC_WARN_UNUSED_VARIABLE = YES;
				IPHONEOS_DEPLOYMENT_TARGET = 11.0;
				MTL_ENABLE_DEBUG_INFO = NO;
				MTL_FAST_MATH = YES;
				SDKROOT = iphoneos;
				SWIFT_COMPILATION_MODE = wholemodule;
				SWIFT_OPTIMIZATION_LEVEL = "-O";
				VALIDATE_PRODUCT = YES;
			};
			name = Release;
		};
		CEAAD3A8223A80AA00E7C5D8 /* Debug */ = {
			isa = XCBuildConfiguration;
			baseConfigurationReference = 09FA86A706F9E1C98E3C707F /* Pods-TravelpayoutsTravelApp.debug.xcconfig */;
			buildSettings = {
				ASSETCATALOG_COMPILER_APPICON_NAME = AppIcon;
				CURRENT_PROJECT_VERSION = 6.4;
				INFOPLIST_FILE = TravelpayoutsTravelApp/Info.plist;
				LD_RUNPATH_SEARCH_PATHS = (
					"$(inherited)",
					"@executable_path/Frameworks",
				);
				MARKETING_VERSION = 6.4;
				PRODUCT_BUNDLE_IDENTIFIER = ru.aviasales.sdkexample;
				PRODUCT_NAME = "$(TARGET_NAME)";
				SWIFT_OBJC_BRIDGING_HEADER = "TravelpayoutsTravelApp/Source/TravelpayoutsTravelApp-Bridging-Header.h";
				SWIFT_VERSION = 5.0;
				TARGETED_DEVICE_FAMILY = "1,2";
			};
			name = Debug;
		};
		CEAAD3A9223A80AA00E7C5D8 /* Release */ = {
			isa = XCBuildConfiguration;
			baseConfigurationReference = 0B55F0ED1CDC9C2AA4BEBAFD /* Pods-TravelpayoutsTravelApp.release.xcconfig */;
			buildSettings = {
				ASSETCATALOG_COMPILER_APPICON_NAME = AppIcon;
				CURRENT_PROJECT_VERSION = 6.4;
				INFOPLIST_FILE = TravelpayoutsTravelApp/Info.plist;
				LD_RUNPATH_SEARCH_PATHS = (
					"$(inherited)",
					"@executable_path/Frameworks",
				);
				MARKETING_VERSION = 6.4;
				PRODUCT_BUNDLE_IDENTIFIER = ru.aviasales.sdkexample;
				PRODUCT_NAME = "$(TARGET_NAME)";
				SWIFT_OBJC_BRIDGING_HEADER = "TravelpayoutsTravelApp/Source/TravelpayoutsTravelApp-Bridging-Header.h";
				SWIFT_VERSION = 5.0;
				TARGETED_DEVICE_FAMILY = "1,2";
			};
			name = Release;
		};
		CEFA872A22C1004F00AF34A1 /* Debug */ = {
			isa = XCBuildConfiguration;
			baseConfigurationReference = 6CA826E536DF850222CAE0B4 /* Pods-TravelpayoutsTravelAppTests.debug.xcconfig */;
			buildSettings = {
				BUNDLE_LOADER = "$(TEST_HOST)";
				CLANG_CXX_LANGUAGE_STANDARD = "gnu++14";
				CLANG_CXX_LIBRARY = "libc++";
				CODE_SIGN_STYLE = Manual;
				DEVELOPMENT_TEAM = "";
				GCC_C_LANGUAGE_STANDARD = gnu11;
				INFOPLIST_FILE = TravelpayoutsTravelAppTests/Info.plist;
				IPHONEOS_DEPLOYMENT_TARGET = 12.2;
				LD_RUNPATH_SEARCH_PATHS = (
					"$(inherited)",
					"@executable_path/Frameworks",
					"@loader_path/Frameworks",
				);
				PRODUCT_BUNDLE_IDENTIFIER = "com.cocoapods-test.TravelpayoutsTravelAppTests";
				PRODUCT_NAME = "$(TARGET_NAME)";
				PROVISIONING_PROFILE_SPECIFIER = "";
				SWIFT_VERSION = 5.0;
				TARGETED_DEVICE_FAMILY = "1,2";
				TEST_HOST = "$(BUILT_PRODUCTS_DIR)/TravelpayoutsTravelApp.app/TravelpayoutsTravelApp";
			};
			name = Debug;
		};
		CEFA872B22C1004F00AF34A1 /* Release */ = {
			isa = XCBuildConfiguration;
			baseConfigurationReference = A3EB6DFA7BF842C3EA35D900 /* Pods-TravelpayoutsTravelAppTests.release.xcconfig */;
			buildSettings = {
				BUNDLE_LOADER = "$(TEST_HOST)";
				CLANG_CXX_LANGUAGE_STANDARD = "gnu++14";
				CLANG_CXX_LIBRARY = "libc++";
				CODE_SIGN_IDENTITY = "iPhone Developer";
				CODE_SIGN_STYLE = Manual;
				DEVELOPMENT_TEAM = "";
				GCC_C_LANGUAGE_STANDARD = gnu11;
				INFOPLIST_FILE = TravelpayoutsTravelAppTests/Info.plist;
				IPHONEOS_DEPLOYMENT_TARGET = 12.2;
				LD_RUNPATH_SEARCH_PATHS = (
					"$(inherited)",
					"@executable_path/Frameworks",
					"@loader_path/Frameworks",
				);
				PRODUCT_BUNDLE_IDENTIFIER = "com.cocoapods-test.TravelpayoutsTravelAppTests";
				PRODUCT_NAME = "$(TARGET_NAME)";
				PROVISIONING_PROFILE_SPECIFIER = "";
				SWIFT_VERSION = 5.0;
				TARGETED_DEVICE_FAMILY = "1,2";
				TEST_HOST = "$(BUILT_PRODUCTS_DIR)/TravelpayoutsTravelApp.app/TravelpayoutsTravelApp";
			};
			name = Release;
		};
		CEFB9C7F242A3A460027A662 /* Debug */ = {
			isa = XCBuildConfiguration;
			baseConfigurationReference = EAE484593B12249FFBDE962B /* Pods-SampleFlightsApp.debug.xcconfig */;
			buildSettings = {
				ASSETCATALOG_COMPILER_APPICON_NAME = AppIcon;
				INFOPLIST_FILE = SampleFlightsApp/Info.plist;
				LD_RUNPATH_SEARCH_PATHS = (
					"$(inherited)",
					"@executable_path/Frameworks",
				);
				PRODUCT_BUNDLE_IDENTIFIER = ru.aviasales.flightsappsample;
				PRODUCT_NAME = "$(TARGET_NAME)";
				SWIFT_VERSION = 5.0;
				TARGETED_DEVICE_FAMILY = "1,2";
			};
			name = Debug;
		};
		CEFB9C80242A3A460027A662 /* Release */ = {
			isa = XCBuildConfiguration;
			baseConfigurationReference = BA2E270BEA919A4FA567A69E /* Pods-SampleFlightsApp.release.xcconfig */;
			buildSettings = {
				ASSETCATALOG_COMPILER_APPICON_NAME = AppIcon;
				INFOPLIST_FILE = SampleFlightsApp/Info.plist;
				LD_RUNPATH_SEARCH_PATHS = (
					"$(inherited)",
					"@executable_path/Frameworks",
				);
				PRODUCT_BUNDLE_IDENTIFIER = ru.aviasales.flightsappsample;
				PRODUCT_NAME = "$(TARGET_NAME)";
				SWIFT_VERSION = 5.0;
				TARGETED_DEVICE_FAMILY = "1,2";
			};
			name = Release;
		};
/* End XCBuildConfiguration section */

/* Begin XCConfigurationList section */
		CE19A3CB2434F39100A30320 /* Build configuration list for PBXNativeTarget "SampleFlightsAppTests" */ = {
			isa = XCConfigurationList;
			buildConfigurations = (
				CE19A3C92434F39100A30320 /* Debug */,
				CE19A3CA2434F39100A30320 /* Release */,
			);
			defaultConfigurationIsVisible = 0;
			defaultConfigurationName = Release;
		};
		CEAAD390223A80A900E7C5D8 /* Build configuration list for PBXProject "TravelpayoutsTravelApp" */ = {
			isa = XCConfigurationList;
			buildConfigurations = (
				CEAAD3A5223A80AA00E7C5D8 /* Debug */,
				CEAAD3A6223A80AA00E7C5D8 /* Release */,
			);
			defaultConfigurationIsVisible = 0;
			defaultConfigurationName = Release;
		};
		CEAAD3A7223A80AA00E7C5D8 /* Build configuration list for PBXNativeTarget "TravelpayoutsTravelApp" */ = {
			isa = XCConfigurationList;
			buildConfigurations = (
				CEAAD3A8223A80AA00E7C5D8 /* Debug */,
				CEAAD3A9223A80AA00E7C5D8 /* Release */,
			);
			defaultConfigurationIsVisible = 0;
			defaultConfigurationName = Release;
		};
		CEFA872C22C1004F00AF34A1 /* Build configuration list for PBXNativeTarget "TravelpayoutsTravelAppTests" */ = {
			isa = XCConfigurationList;
			buildConfigurations = (
				CEFA872A22C1004F00AF34A1 /* Debug */,
				CEFA872B22C1004F00AF34A1 /* Release */,
			);
			defaultConfigurationIsVisible = 0;
			defaultConfigurationName = Release;
		};
		CEFB9C81242A3A460027A662 /* Build configuration list for PBXNativeTarget "SampleFlightsApp" */ = {
			isa = XCConfigurationList;
			buildConfigurations = (
				CEFB9C7F242A3A460027A662 /* Debug */,
				CEFB9C80242A3A460027A662 /* Release */,
			);
			defaultConfigurationIsVisible = 0;
			defaultConfigurationName = Release;
		};
/* End XCConfigurationList section */
	};
	rootObject = CEAAD38D223A80A900E7C5D8 /* Project object */;
}
