PODS:
  - APDBidMachineAdapter (3.0.2.1):
    - Appodeal (= 3.0.2)
    - BidMachine (= 2.0.0.5)
    - GoogleAppMeasurement
    - GoogleUserMessagingPlatform
    - GoogleUtilities
  - APDIABAdapter (3.0.2.1):
    - Appodeal (= 3.0.2)
  - APDStackAnalyticsAdapter (3.0.2.1):
    - Appodeal (= 3.0.2)
    - StackAnalytics (~> 1.4.0)
    - StackIAB (~> 2.0.2)
    - StackModules (~> 1.4.0)
  - Apollo (0.53.0):
    - Apollo/Core (= 0.53.0)
  - Apollo/Core (0.53.0)
  - Appodeal (3.0.2):
    - Protobuf
    - StackConsentManager (~> 1.2.0)
    - StackIAB (~> 2.0.2)
    - StackModules (~> 1.4.0)
    - StackProtobuf (~> 0.8.0)
  - AviasalesKit (6.7):
    - Apollo (= 0.53.0)
    - BonMot (= 6.1.1)
    - BZipCompression (= 1.0.2)
    - ClusterKit (= 0.5.0)
    - CollectionSwipableCellExtension
    - EasyTipView
    - Firebase/Core (= 10.1.0)
    - FloatingPanel (= 2.5.5)
    - FMDB (= 2.7.5)
    - JVFloatLabeledTextField (= 1.2.2)
    - KeychainAccess (= 4.2.2)
    - lottie-ios (= 3.5.0)
    - MBProgressHUD (= 1.2.0)
    - Neon
    - PhoneNumberKit (= 3.3.4)
    - PromiseKit (= 6.18.1)
    - PureLayout (= 3.1.9)
    - ReachabilitySwift (= 5.0.0)
    - Smartling.i18n (= 1.0.14)
    - SnowplowTracker (= 4.0.1)
    - SwiftProtobuf (= 1.20.3)
    - UIImageViewAligned (= 0.0.1)
    - "UIView+Shake (= 1.4.0)"
    - YYKeyboardManager (= 1.0.1)
  - BidMachine (2.0.0.5):
    - BidMachineAnalyticsCore (~> 0.1.0)
    - BidMachineApiCore (~> 0.0.3)
    - BidMachineBiddingCore (~> 0.0.2)
    - BidMachineDisplayCore (~> 0.1.0)
    - BidMachineNetworkCore (~> 0.0.1)
    - StackIAB (~> 2.0.0)
    - StackModules (~> 1.4.0)
  - BidMachineAnalyticsCore (0.1.1):
    - BidMachineApiCore (~> 0.0.4)
    - BidMachineNetworkCore (~> 0.0.2)
  - BidMachineApiCore (0.0.4)
  - BidMachineBiddingCore (0.0.3):
    - BidMachineApiCore (~> 0.0.4)
  - BidMachineDisplayCore (0.1.2):
    - BidMachineBiddingCore (~> 0.0.3)
  - BidMachineNetworkCore (0.0.2):
    - BidMachineApiCore (~> 0.0.4)
  - BonMot (6.1.1)
  - BZipCompression (1.0.2)
  - ClusterKit (0.5.0):
    - ClusterKit/Core (= 0.5.0)
  - ClusterKit/Core (0.5.0)
  - CollectionSwipableCellExtension (0.0.5)
  - EasyTipView (2.1.0)
  - Firebase/Core (10.1.0):
    - Firebase/CoreOnly
    - FirebaseAnalytics (~> 10.1.0)
  - Firebase/CoreOnly (10.1.0):
    - FirebaseCore (= 10.1.0)
  - FirebaseAnalytics (10.1.0):
    - FirebaseAnalytics/AdIdSupport (= 10.1.0)
    - FirebaseCore (~> 10.0)
    - FirebaseInstallations (~> 10.0)
    - GoogleUtilities/AppDelegateSwizzler (~> 7.8)
    - GoogleUtilities/MethodSwizzler (~> 7.8)
    - GoogleUtilities/Network (~> 7.8)
    - "GoogleUtilities/NSData+zlib (~> 7.8)"
    - nanopb (< 2.30910.0, >= 2.30908.0)
  - FirebaseAnalytics/AdIdSupport (10.1.0):
    - FirebaseCore (~> 10.0)
    - FirebaseInstallations (~> 10.0)
    - GoogleAppMeasurement (= 10.1.0)
    - GoogleUtilities/AppDelegateSwizzler (~> 7.8)
    - GoogleUtilities/MethodSwizzler (~> 7.8)
    - GoogleUtilities/Network (~> 7.8)
    - "GoogleUtilities/NSData+zlib (~> 7.8)"
    - nanopb (< 2.30910.0, >= 2.30908.0)
  - FirebaseCore (10.1.0):
    - FirebaseCoreInternal (~> 10.0)
    - GoogleUtilities/Environment (~> 7.8)
    - GoogleUtilities/Logger (~> 7.8)
  - FirebaseCoreInternal (10.4.0):
    - "GoogleUtilities/NSData+zlib (~> 7.8)"
  - FirebaseInstallations (10.4.0):
    - FirebaseCore (~> 10.0)
    - GoogleUtilities/Environment (~> 7.8)
    - GoogleUtilities/UserDefaults (~> 7.8)
    - PromisesObjC (~> 2.1)
  - FloatingPanel (2.5.5)
  - FMDB (2.7.5):
    - FMDB/standard (= 2.7.5)
  - FMDB/standard (2.7.5)
  - GoogleAppMeasurement (10.1.0):
    - GoogleAppMeasurement/AdIdSupport (= 10.1.0)
    - GoogleUtilities/AppDelegateSwizzler (~> 7.8)
    - GoogleUtilities/MethodSwizzler (~> 7.8)
    - GoogleUtilities/Network (~> 7.8)
    - "GoogleUtilities/NSData+zlib (~> 7.8)"
    - nanopb (< 2.30910.0, >= 2.30908.0)
  - GoogleAppMeasurement/AdIdSupport (10.1.0):
    - GoogleAppMeasurement/WithoutAdIdSupport (= 10.1.0)
    - GoogleUtilities/AppDelegateSwizzler (~> 7.8)
    - GoogleUtilities/MethodSwizzler (~> 7.8)
    - GoogleUtilities/Network (~> 7.8)
    - "GoogleUtilities/NSData+zlib (~> 7.8)"
    - nanopb (< 2.30910.0, >= 2.30908.0)
  - GoogleAppMeasurement/WithoutAdIdSupport (10.1.0):
    - GoogleUtilities/AppDelegateSwizzler (~> 7.8)
    - GoogleUtilities/MethodSwizzler (~> 7.8)
    - GoogleUtilities/Network (~> 7.8)
    - "GoogleUtilities/NSData+zlib (~> 7.8)"
    - nanopb (< 2.30910.0, >= 2.30908.0)
  - GoogleUserMessagingPlatform (2.0.1)
  - GoogleUtilities (7.11.1):
    - GoogleUtilities/AppDelegateSwizzler (= 7.11.1)
    - GoogleUtilities/Environment (= 7.11.1)
    - GoogleUtilities/ISASwizzler (= 7.11.1)
    - GoogleUtilities/Logger (= 7.11.1)
    - GoogleUtilities/MethodSwizzler (= 7.11.1)
    - GoogleUtilities/Network (= 7.11.1)
    - "GoogleUtilities/NSData+zlib (= 7.11.1)"
    - GoogleUtilities/Reachability (= 7.11.1)
    - GoogleUtilities/SwizzlerTestHelpers (= 7.11.1)
    - GoogleUtilities/UserDefaults (= 7.11.1)
  - GoogleUtilities/AppDelegateSwizzler (7.11.1):
    - GoogleUtilities/Environment
    - GoogleUtilities/Logger
    - GoogleUtilities/Network
  - GoogleUtilities/Environment (7.11.1):
    - PromisesObjC (< 3.0, >= 1.2)
  - GoogleUtilities/ISASwizzler (7.11.1)
  - GoogleUtilities/Logger (7.11.1):
    - GoogleUtilities/Environment
  - GoogleUtilities/MethodSwizzler (7.11.1):
    - GoogleUtilities/Logger
  - GoogleUtilities/Network (7.11.1):
    - GoogleUtilities/Logger
    - "GoogleUtilities/NSData+zlib"
    - GoogleUtilities/Reachability
  - "GoogleUtilities/NSData+zlib (7.11.1)"
  - GoogleUtilities/Reachability (7.11.1):
    - GoogleUtilities/Logger
  - GoogleUtilities/SwizzlerTestHelpers (7.11.1):
    - GoogleUtilities/MethodSwizzler
  - GoogleUtilities/UserDefaults (7.11.1):
    - GoogleUtilities/Logger
  - JVFloatLabeledTextField (1.2.2)
  - KeychainAccess (4.2.2)
  - lottie-ios (3.5.0)
  - MBProgressHUD (1.2.0)
  - nanopb (2.30909.0):
    - nanopb/decode (= 2.30909.0)
    - nanopb/encode (= 2.30909.0)
  - nanopb/decode (2.30909.0)
  - nanopb/encode (2.30909.0)
  - Neon (0.4.0)
  - OMSDK_Appodeal (1.4.2.0)
  - PhoneNumberKit (3.3.4):
    - PhoneNumberKit/PhoneNumberKitCore (= 3.3.4)
    - PhoneNumberKit/UIKit (= 3.3.4)
  - PhoneNumberKit/PhoneNumberKitCore (3.3.4)
  - PhoneNumberKit/UIKit (3.3.4):
    - PhoneNumberKit/PhoneNumberKitCore
  - PromiseKit (6.18.1):
    - PromiseKit/CorePromise (= 6.18.1)
    - PromiseKit/Foundation (= 6.18.1)
    - PromiseKit/UIKit (= 6.18.1)
  - PromiseKit/CorePromise (6.18.1)
  - PromiseKit/Foundation (6.18.1):
    - PromiseKit/CorePromise
  - PromiseKit/UIKit (6.18.1):
    - PromiseKit/CorePromise
  - PromisesObjC (2.1.1)
  - Protobuf (3.23.3)
  - PureLayout (3.1.9)
  - ReachabilitySwift (5.0.0)
  - Smartling.i18n (1.0.14)
  - SnowplowTracker (4.0.1):
    - FMDB (~> 2.7)
  - StackAnalytics (1.4.2):
    - StackAnalytics/Full (= 1.4.2)
    - StackModules (~> 1.4.0)
  - StackAnalytics/Base (1.4.2):
    - StackModules (~> 1.4.0)
  - StackAnalytics/Crashes (1.4.2):
    - StackModules (~> 1.4.0)
  - StackAnalytics/Full (1.4.2):
    - StackAnalytics/Base
    - StackAnalytics/Crashes
    - StackModules (~> 1.4.0)
  - StackConsentManager (1.2.4)
  - StackIAB (2.0.7):
    - StackIAB/StackIABAssets (= 2.0.7)
    - StackIAB/StackMRAIDKit (= 2.0.7)
    - StackIAB/StackNASTKit (= 2.0.7)
    - StackIAB/StackOpenMeasure (= 2.0.7)
    - StackIAB/StackRichMedia (= 2.0.7)
    - StackIAB/StackVASTAssets (= 2.0.7)
    - StackIAB/StackVASTKit (= 2.0.7)
    - StackIAB/StackVideoPlayer (= 2.0.7)
    - StackIAB/StackXML (= 2.0.7)
    - StackModules (~> 1.4.1)
  - StackIAB/StackIABAssets (2.0.7):
    - StackModules (~> 1.4.1)
  - StackIAB/StackMRAIDKit (2.0.7):
    - StackIAB/StackIABAssets
    - StackIAB/StackOpenMeasure
    - StackModules (~> 1.4.1)
  - StackIAB/StackNASTKit (2.0.7):
    - StackIAB/StackVASTKit
    - StackModules (~> 1.4.1)
  - StackIAB/StackOpenMeasure (2.0.7):
    - OMSDK_Appodeal (~> 1.4.2.0)
    - StackModules (~> 1.4.1)
  - StackIAB/StackRichMedia (2.0.7):
    - StackIAB/StackIABAssets
    - StackIAB/StackVASTAssets
    - StackIAB/StackVideoPlayer
    - StackModules (~> 1.4.1)
  - StackIAB/StackVASTAssets (2.0.7):
    - StackIAB/StackIABAssets
    - StackIAB/StackXML
    - StackModules (~> 1.4.1)
  - StackIAB/StackVASTKit (2.0.7):
    - StackIAB/StackMRAIDKit
    - StackIAB/StackVASTAssets
    - StackIAB/StackVideoPlayer
    - StackModules (~> 1.4.1)
  - StackIAB/StackVideoPlayer (2.0.7):
    - StackModules (~> 1.4.1)
  - StackIAB/StackXML (2.0.7):
    - StackModules (~> 1.4.1)
  - StackModules (1.4.2):
    - StackModules/StackProductPresentation (= 1.4.2)
  - StackModules/StackFoundation (1.4.2)
  - StackModules/StackProductPresentation (1.4.2):
    - StackModules/StackUIKit
  - StackModules/StackUIKit (1.4.2):
    - StackModules/StackFoundation
  - StackProtobuf (0.8.5):
    - Protobuf (~> 3.13)
  - SwiftProtobuf (1.20.3)
  - UIImageViewAligned (0.0.1)
  - "UIView+Shake (1.4.0)"
  - YYKeyboardManager (1.0.1)

DEPENDENCIES:
  - APDBidMachineAdapter (= 3.0.2.1)
  - APDIABAdapter (= 3.0.2.1)
  - APDStackAnalyticsAdapter (= 3.0.2.1)
  - AviasalesKit (from `https://ios.aviasales.ru/cocoapods/AviasalesKit_6.7.podspec`)
  - CollectionSwipableCellExtension (from `https://github.com/KosyanMedia/CollectionSwipableCellExtension.git`, commit `d3d7c9ee8721562174cbd2c89f88b1d05bbc5fc0`)
  - EasyTipView (from `https://github.com/KosyanMedia/EasyTipView.git`, commit `ab95be17ce90ff163569e50e2e2b659f003d80a4`)
  - GoogleUtilities
  - Neon (from `https://github.com/KosyanMedia/Neon.git`, commit `3770df30ee072a728becb8f1f6b7c29276a3dab4`)

SPEC REPOS:
  https://github.com/appodeal/CocoaPods.git:
    - BidMachineApiCore
    - BidMachineBiddingCore
    - BidMachineNetworkCore
    - StackIAB
    - StackModules
  trunk:
    - APDBidMachineAdapter
    - APDIABAdapter
    - APDStackAnalyticsAdapter
    - Apollo
    - Appodeal
    - BidMachine
    - BidMachineAnalyticsCore
    - BidMachineDisplayCore
    - BonMot
    - BZipCompression
    - ClusterKit
    - Firebase
    - FirebaseAnalytics
    - FirebaseCore
    - FirebaseCoreInternal
    - FirebaseInstallations
    - FloatingPanel
    - FMDB
    - GoogleAppMeasurement
    - GoogleUserMessagingPlatform
    - GoogleUtilities
    - JVFloatLabeledTextField
    - KeychainAccess
    - lottie-ios
    - MBProgressHUD
    - nanopb
    - OMSDK_Appodeal
    - PhoneNumberKit
    - PromiseKit
    - PromisesObjC
    - Protobuf
    - PureLayout
    - ReachabilitySwift
    - Smartling.i18n
    - SnowplowTracker
    - StackAnalytics
    - StackConsentManager
    - StackIAB
    - StackModules
    - StackProtobuf
    - SwiftProtobuf
    - UIImageViewAligned
    - "UIView+Shake"
    - YYKeyboardManager

EXTERNAL SOURCES:
  AviasalesKit:
    :podspec: https://ios.aviasales.ru/cocoapods/AviasalesKit_6.7.podspec
  CollectionSwipableCellExtension:
    :commit: d3d7c9ee8721562174cbd2c89f88b1d05bbc5fc0
    :git: https://github.com/KosyanMedia/CollectionSwipableCellExtension.git
  EasyTipView:
    :commit: ab95be17ce90ff163569e50e2e2b659f003d80a4
    :git: https://github.com/KosyanMedia/EasyTipView.git
  Neon:
    :commit: 3770df30ee072a728becb8f1f6b7c29276a3dab4
    :git: https://github.com/KosyanMedia/Neon.git

CHECKOUT OPTIONS:
  CollectionSwipableCellExtension:
    :commit: d3d7c9ee8721562174cbd2c89f88b1d05bbc5fc0
    :git: https://github.com/KosyanMedia/CollectionSwipableCellExtension.git
  EasyTipView:
    :commit: ab95be17ce90ff163569e50e2e2b659f003d80a4
    :git: https://github.com/KosyanMedia/EasyTipView.git
  Neon:
    :commit: 3770df30ee072a728becb8f1f6b7c29276a3dab4
    :git: https://github.com/KosyanMedia/Neon.git

SPEC CHECKSUMS:
  APDBidMachineAdapter: c8e61f4c5464c853b0bcfbeda0eb6d11450f7063
  APDIABAdapter: 4c2d14b84be1677a0b4b958207c1a18f0032a1ee
  APDStackAnalyticsAdapter: 3f3387957614ccecd04a863616d643652a7f2ff5
  Apollo: 204819ea82022fbc59ad05056820df867f19bd02
  Appodeal: d2f8841bc6715c2ce431438ab57be0e6f792c799
  AviasalesKit: 677d4a976dea7208066a17d3500136cc03eece76
  BidMachine: d09995aa0b59e428aa59ea568f3a2f3c9f2bfcf5
  BidMachineAnalyticsCore: 10689e8615050035dad4482cc1eb1f32ca973c6d
  BidMachineApiCore: 1e05ce0fa717b1cff25f16b7f95976c7748aa7b6
  BidMachineBiddingCore: b6c4bf70e0f8e179afb66347fdaa941787d79a9c
  BidMachineDisplayCore: 9ca2e97053a8d799d44550c7f6571b748363d687
  BidMachineNetworkCore: c83380f9a59698fd68d07fb51769d1fe1d1cd371
  BonMot: 42c7134bab1da1d1d8805b02113635c12f0200cc
  BZipCompression: e0f96508e60eb93b5f5d4c7de1eb3dd0ac4f9ae9
  ClusterKit: 6d4b2fdfdd2a74a386fd67dd60a29a69851745e0
  CollectionSwipableCellExtension: 7f7090dd8941be6ddc0a39bdd8f6204c2d07fe41
  EasyTipView: a92b6edc377b81c5ac18e9fd35d5ee78e9409488
  Firebase: 444b35a9c568a516666213c2f6cccd10cb12559f
  FirebaseAnalytics: 24cb27b52b2e11ad5013528195b4ca0755dec960
  FirebaseCore: 55e7ae35991ccca4db03ff8d8df6ed5f17a3e4c7
  FirebaseCoreInternal: e301297f4c15a17489e48ed722d733b1578e0c02
  FirebaseInstallations: 36b38c733fd37e50857e5e8d74138648f466f18c
  FloatingPanel: a27e7827e0f710fa6236fe2596dd1b5484cb4fc1
  FMDB: 2ce00b547f966261cd18927a3ddb07cb6f3db82a
  GoogleAppMeasurement: e490e248af3da95afe8fa8e7baac232dc8d020b7
  GoogleUserMessagingPlatform: 5f8b30daf181805317b6b985bb51c1ff3beca054
  GoogleUtilities: 9aa0ad5a7bc171f8bae016300bfcfa3fb8425749
  JVFloatLabeledTextField: df48598472ee015701d509f43e59492a0d4ca208
  KeychainAccess: c0c4f7f38f6fc7bbe58f5702e25f7bd2f65abf51
  lottie-ios: c55158d67d0629a260625cc2ded2052b829e3c3e
  MBProgressHUD: 3ee5efcc380f6a79a7cc9b363dd669c5e1ae7406
  nanopb: b552cce312b6c8484180ef47159bc0f65a1f0431
  Neon: 7fb5a9327e7e57911843f608e08f4893a74deaf9
  OMSDK_Appodeal: c3e648a353665dc4c0a8235d6e7efa66b8277ab5
  PhoneNumberKit: 441e8b26ec88d598e3591de9061eff18f5dd12e8
  PromiseKit: 49d70c53d5d20e346beaea4b276b5dd2ab446bb4
  PromisesObjC: ab77feca74fa2823e7af4249b8326368e61014cb
  Protobuf: d9c3d7e5a3574aa6a5d521f2d9f733c76d294be8
  PureLayout: 5fb5e5429519627d60d079ccb1eaa7265ce7cf88
  ReachabilitySwift: 985039c6f7b23a1da463388634119492ff86c825
  Smartling.i18n: 0d508b89a2a12f0e070e6369e4dcdcf46ae2d59f
  SnowplowTracker: 9bcfaa8cf229c7579b73864d9bd74839676917bc
  StackAnalytics: 0ccc871d90978d6eab33e3df046966bab2dbddfd
  StackConsentManager: 155b77a3d49b4a2dc3c16a8c9457cfe0b5d62eb1
  StackIAB: 17ee4cbe12d1aa6eb79f9a79b85375250bdd50fb
  StackModules: 9c5f24f9112662fe218b93085318054c6861a44d
  StackProtobuf: 6f25d1f149f12f58863918deb733b0e3b8f96775
  SwiftProtobuf: b02b5075dcf60c9f5f403000b3b0c202a11b6ae1
  UIImageViewAligned: 73030dd085400e1ae7641203b5cc1546fa0495a8
  "UIView+Shake": 055ad67721de1f74d29c0a1d464697e505dfc62f
  YYKeyboardManager: ff53d2e80d1808567a7f004028bd200d9469a89f

PODFILE CHECKSUM: 44ce4aa07ee148d017bd6d81174d796c811265a3

COCOAPODS: 1.11.2
