PODS:
  - Alamofire (4.9.1)
  - Amplitude-iOS (4.10.0)
  - APDAmazonAdsAdapter (2.7.4.1):
    - Appodeal (= 2.7.4)
  - Appodeal (2.7.4)
  - AutoCoding (2.2.3)
  - AviasalesKit (6.4):
    - Alamofire (= 4.9.1)
    - Amplitude-iOS (= 4.10.0)
    - AutoCoding (= 2.2.3)
    - BZipCompression (= 1.0.2)
    - ClusterKit/MapKit (= 0.4.1)
    - CollectionSwipableCellExtension
    - COSTouchVisualizer (= 1.0.6)
    - DynamicBlurView (= 5.0.3)
    - Firebase/Core (= 6.33.0)
    - Flurry-iOS-SDK/FlurrySDK (= 11.1.0)
    - FMDB (= 2.7.5)
    - GRMustache (= 7.3.2)
    - JVFloatLabeledTextField (= 1.2.2)
    - KeychainSwift (= 17.0.0)
    - lottie-ios (= 3.1.8)
    - MagicalRecord
    - MBProgressHUD (= 1.2.0)
    - Neon
    - PhoneNumberKit (= 3.3.1)
    - PromiseKit (= 6.13.1)
    - PureLayout (= 3.1.6)
    - ReachabilitySwift (= 5.0.0)
    - SDWebImage (= 5.9.2)
    - SloppySwiper
    - Smartling.i18n (= 1.0.14)
    - SnowplowTracker (= 1.2.2)
    - SwiftProtobuf (= 1.12.0)
    - TTTAttributedLabel (= 2.0.0)
    - UIImageViewAligned (= 0.0.1)
    - "UIView+Shake (= 1.4.0)"
    - YYKeyboardManager (= 1.0.1)
  - BZipCompression (1.0.2)
  - ClusterKit/Core (0.4.1)
  - ClusterKit/MapKit (0.4.1):
    - ClusterKit/Core
  - CollectionSwipableCellExtension (0.0.5)
  - COSTouchVisualizer (1.0.6)
  - DynamicBlurView (5.0.3)
  - Firebase/Core (6.33.0):
    - Firebase/CoreOnly
    - FirebaseAnalytics (= 6.8.3)
  - Firebase/CoreOnly (6.33.0):
    - FirebaseCore (= 6.10.3)
  - FirebaseAnalytics (6.8.3):
    - FirebaseCore (~> 6.10)
    - FirebaseInstallations (~> 1.6)
    - GoogleAppMeasurement (= 6.8.3)
    - GoogleUtilities/AppDelegateSwizzler (~> 6.7)
    - GoogleUtilities/MethodSwizzler (~> 6.7)
    - GoogleUtilities/Network (~> 6.7)
    - "GoogleUtilities/NSData+zlib (~> 6.7)"
    - nanopb (~> 1.30906.0)
  - FirebaseCore (6.10.3):
    - FirebaseCoreDiagnostics (~> 1.6)
    - GoogleUtilities/Environment (~> 6.7)
    - GoogleUtilities/Logger (~> 6.7)
  - FirebaseCoreDiagnostics (1.7.0):
    - GoogleDataTransport (~> 7.4)
    - GoogleUtilities/Environment (~> 6.7)
    - GoogleUtilities/Logger (~> 6.7)
    - nanopb (~> 1.30906.0)
  - FirebaseInstallations (1.7.0):
    - FirebaseCore (~> 6.10)
    - GoogleUtilities/Environment (~> 6.7)
    - GoogleUtilities/UserDefaults (~> 6.7)
    - PromisesObjC (~> 1.2)
  - Flurry-iOS-SDK/FlurrySDK (11.1.0)
  - FMDB (2.7.5):
    - FMDB/standard (= 2.7.5)
  - FMDB/standard (2.7.5)
  - GoogleAppMeasurement (6.8.3):
    - GoogleUtilities/AppDelegateSwizzler (~> 6.7)
    - GoogleUtilities/MethodSwizzler (~> 6.7)
    - GoogleUtilities/Network (~> 6.7)
    - "GoogleUtilities/NSData+zlib (~> 6.7)"
    - nanopb (~> 1.30906.0)
  - GoogleDataTransport (7.5.1):
    - nanopb (~> 1.30906.0)
  - GoogleUtilities/AppDelegateSwizzler (6.7.2):
    - GoogleUtilities/Environment
    - GoogleUtilities/Logger
    - GoogleUtilities/Network
  - GoogleUtilities/Environment (6.7.2):
    - PromisesObjC (~> 1.2)
  - GoogleUtilities/Logger (6.7.2):
    - GoogleUtilities/Environment
  - GoogleUtilities/MethodSwizzler (6.7.2):
    - GoogleUtilities/Logger
  - GoogleUtilities/Network (6.7.2):
    - GoogleUtilities/Logger
    - "GoogleUtilities/NSData+zlib"
    - GoogleUtilities/Reachability
  - "GoogleUtilities/NSData+zlib (6.7.2)"
  - GoogleUtilities/Reachability (6.7.2):
    - GoogleUtilities/Logger
  - GoogleUtilities/UserDefaults (6.7.2):
    - GoogleUtilities/Logger
  - GRMustache (7.3.2):
    - JRSwizzle (~> 1.0)
  - JRSwizzle (1.0)
  - JVFloatLabeledTextField (1.2.2)
  - KeychainSwift (17.0.0)
  - lottie-ios (3.1.8)
  - MagicalRecord (2.4.0):
    - MagicalRecord/Core (= 2.4.0)
  - MagicalRecord/Core (2.4.0)
  - MBProgressHUD (1.2.0)
  - nanopb (1.30906.0):
    - nanopb/decode (= 1.30906.0)
    - nanopb/encode (= 1.30906.0)
  - nanopb/decode (1.30906.0)
  - nanopb/encode (1.30906.0)
  - Neon (0.4.0)
  - PhoneNumberKit (3.3.1):
    - PhoneNumberKit/PhoneNumberKitCore (= 3.3.1)
    - PhoneNumberKit/UIKit (= 3.3.1)
  - PhoneNumberKit/PhoneNumberKitCore (3.3.1)
  - PhoneNumberKit/UIKit (3.3.1):
    - PhoneNumberKit/PhoneNumberKitCore
  - PromiseKit (6.13.1):
    - PromiseKit/CorePromise (= 6.13.1)
    - PromiseKit/Foundation (= 6.13.1)
    - PromiseKit/UIKit (= 6.13.1)
  - PromiseKit/CorePromise (6.13.1)
  - PromiseKit/Foundation (6.13.1):
    - PromiseKit/CorePromise
  - PromiseKit/UIKit (6.13.1):
    - PromiseKit/CorePromise
  - PromisesObjC (1.2.11)
  - PureLayout (3.1.6)
  - ReachabilitySwift (5.0.0)
  - SDWebImage (5.9.2):
    - SDWebImage/Core (= 5.9.2)
  - SDWebImage/Core (5.9.2)
  - SloppySwiper (0.6)
  - Smartling.i18n (1.0.14)
  - SnowplowTracker (1.2.2):
    - FMDB (~> 2.6)
  - SwiftProtobuf (1.12.0)
  - TTTAttributedLabel (2.0.0)
  - UIImageViewAligned (0.0.1)
  - "UIView+Shake (1.4.0)"
  - YYKeyboardManager (1.0.1)

DEPENDENCIES:
  - APDAmazonAdsAdapter (= 2.7.4.1)
  - Appodeal (= 2.7.4)
  - AviasalesKit (from `https://ios.aviasales.ru/cocoapods/AviasalesKit_6.4.podspec`)
  - BZipCompression
  - CollectionSwipableCellExtension (from `https://github.com/KosyanMedia/CollectionSwipableCellExtension.git`, commit `d3d7c9ee8721562174cbd2c89f88b1d05bbc5fc0`)
  - COSTouchVisualizer
  - GRMustache
  - MagicalRecord (from `https://github.com/KosyanMedia/MagicalRecord.git`, tag `v2.4.0-xcode12`)
  - Neon (from `https://github.com/KosyanMedia/Neon.git`, commit `3770df30ee072a728becb8f1f6b7c29276a3dab4`)
  - PromiseKit
  - SloppySwiper (from `https://github.com/glassoff/SloppySwiper.git`, branch `aviasales`)
  - SnowplowTracker
  - TTTAttributedLabel

SPEC REPOS:
  trunk:
    - Alamofire
    - Amplitude-iOS
    - APDAmazonAdsAdapter
    - Appodeal
    - AutoCoding
    - BZipCompression
    - ClusterKit
    - COSTouchVisualizer
    - DynamicBlurView
    - Firebase
    - FirebaseAnalytics
    - FirebaseCore
    - FirebaseCoreDiagnostics
    - FirebaseInstallations
    - Flurry-iOS-SDK
    - FMDB
    - GoogleAppMeasurement
    - GoogleDataTransport
    - GoogleUtilities
    - GRMustache
    - JRSwizzle
    - JVFloatLabeledTextField
    - KeychainSwift
    - lottie-ios
    - MBProgressHUD
    - nanopb
    - PhoneNumberKit
    - PromiseKit
    - PromisesObjC
    - PureLayout
    - ReachabilitySwift
    - SDWebImage
    - Smartling.i18n
    - SnowplowTracker
    - SwiftProtobuf
    - TTTAttributedLabel
    - UIImageViewAligned
    - "UIView+Shake"
    - YYKeyboardManager

EXTERNAL SOURCES:
  AviasalesKit:
    :podspec: https://ios.aviasales.ru/cocoapods/AviasalesKit_6.4.podspec
  CollectionSwipableCellExtension:
    :commit: d3d7c9ee8721562174cbd2c89f88b1d05bbc5fc0
    :git: https://github.com/KosyanMedia/CollectionSwipableCellExtension.git
  MagicalRecord:
    :git: https://github.com/KosyanMedia/MagicalRecord.git
    :tag: v2.4.0-xcode12
  Neon:
    :commit: 3770df30ee072a728becb8f1f6b7c29276a3dab4
    :git: https://github.com/KosyanMedia/Neon.git
  SloppySwiper:
    :branch: aviasales
    :git: https://github.com/glassoff/SloppySwiper.git

CHECKOUT OPTIONS:
  CollectionSwipableCellExtension:
    :commit: d3d7c9ee8721562174cbd2c89f88b1d05bbc5fc0
    :git: https://github.com/KosyanMedia/CollectionSwipableCellExtension.git
  MagicalRecord:
    :git: https://github.com/KosyanMedia/MagicalRecord.git
    :tag: v2.4.0-xcode12
  Neon:
    :commit: 3770df30ee072a728becb8f1f6b7c29276a3dab4
    :git: https://github.com/KosyanMedia/Neon.git
  SloppySwiper:
    :commit: 21f01af75dc69b7a2695d8e869c2d454b781eed5
    :git: https://github.com/glassoff/SloppySwiper.git

SPEC CHECKSUMS:
  Alamofire: 85e8a02c69d6020a0d734f6054870d7ecb75cf18
  Amplitude-iOS: 7d8cdc3408ba35c2e68368fc7c692cd104606b94
  APDAmazonAdsAdapter: 8ceaa5b28bd5692a5a283a0e0dd8b258fc383f24
  Appodeal: 046c13fdb4a214050224a0693f52bef427b88abe
  AutoCoding: 90ca3cbc0d77a37cfff75167d705b44148c5fc51
  AviasalesKit: 1140a472122cb84538b6f650112d18a38ae17fad
  BZipCompression: e0f96508e60eb93b5f5d4c7de1eb3dd0ac4f9ae9
  ClusterKit: a52f2c5f79ca1c0b2db63c4f0cd51fdb3e2d8cba
  CollectionSwipableCellExtension: 7f7090dd8941be6ddc0a39bdd8f6204c2d07fe41
  COSTouchVisualizer: a398089327a6c02897823614d7447ccc97198997
  DynamicBlurView: b57e2f6aa33f85b2bcca272265162a3c7c5cc499
  Firebase: 8db6f2d1b2c5e2984efba4949a145875a8f65fe5
  FirebaseAnalytics: 5dd088bd2e67bb9d13dbf792d1164ceaf3052193
  FirebaseCore: d889d9e12535b7f36ac8bfbf1713a0836a3012cd
  FirebaseCoreDiagnostics: 770ac5958e1372ce67959ae4b4f31d8e127c3ac1
  FirebaseInstallations: 466c7b4d1f58fe16707693091da253726a731ed2
  Flurry-iOS-SDK: 88c0399d6d276325dc9f74f6183c1070e6c3f21e
  FMDB: 2ce00b547f966261cd18927a3ddb07cb6f3db82a
  GoogleAppMeasurement: 966e88df9d19c15715137bb2ddaf52373f111436
  GoogleDataTransport: f56af7caa4ed338dc8e138a5d7c5973e66440833
  GoogleUtilities: 7f2f5a07f888cdb145101d6042bc4422f57e70b3
  GRMustache: ebe6104fd30a6d22c1f36af131e19e2dbf7cd292
  JRSwizzle: dd5ead5d913a0f29e7f558200165849f006bb1e3
  JVFloatLabeledTextField: df48598472ee015701d509f43e59492a0d4ca208
  KeychainSwift: 9f43f562dffc88af6efadb57d74b14c598eb337f
  lottie-ios: 48fac6be217c76937e36e340e2d09cf7b10b7f5f
  MagicalRecord: 1f22a766156474d9f46a9b1e1ce59ca9e37830fc
  MBProgressHUD: 3ee5efcc380f6a79a7cc9b363dd669c5e1ae7406
  nanopb: 59317e09cf1f1a0af72f12af412d54edf52603fc
  Neon: 7fb5a9327e7e57911843f608e08f4893a74deaf9
  PhoneNumberKit: ff153d5e299f6da566cb73c6aa71e354933b2932
  PromiseKit: 28fda91c973cc377875d8c0ea4f973013c05b6db
  PromisesObjC: 8c196f5a328c2cba3e74624585467a557dcb482f
  PureLayout: bd3c4ec3a3819ad387c99ebb72c6b129c3ed4d2d
  ReachabilitySwift: 985039c6f7b23a1da463388634119492ff86c825
  SDWebImage: 0b42b8719ab0c5257177d5894306e8a336b21cbb
  SloppySwiper: 37e38f6da8df5c805914c6f32ec6ec8da63abe7c
  Smartling.i18n: 0d508b89a2a12f0e070e6369e4dcdcf46ae2d59f
  SnowplowTracker: 22912aa09f8e7bc205f3d870f1e906bf223b9583
  SwiftProtobuf: 4ef85479c18ca85b5482b343df9c319c62bda699
  TTTAttributedLabel: 8cffe8e127e4e82ff3af1e5386d4cd0ad000b656
  UIImageViewAligned: 73030dd085400e1ae7641203b5cc1546fa0495a8
  "UIView+Shake": 055ad67721de1f74d29c0a1d464697e505dfc62f
  YYKeyboardManager: ff53d2e80d1808567a7f004028bd200d9469a89f

PODFILE CHECKSUM: 849c9376b2b67e3d59df2837c9523dbe3ea51ef8

COCOAPODS: 1.9.1
